<?xml version="1.0" encoding="utf-8"?>
<Project ToolsVersion="4.0" xmlns="http://schemas.microsoft.com/developer/msbuild/2003">
  <ItemGroup>
    <Filter Include="src">
      <UniqueIdentifier>{8CDEE807-BC53-E450-C8B8-4DEBB66742D4}</UniqueIdentifier>
    </Filter>
    <Filter Include="src">
      <UniqueIdentifier>{8CDEE807-BC53-E450-C8B8-4DEBB66742D4}</UniqueIdentifier>
    </Filter>
    <Filter Include="src">
      <UniqueIdentifier>{8CDEE807-BC53-E450-C8B8-4DEBB66742D4}</UniqueIdentifier>
    </Filter>
    <Filter Include="src">
      <UniqueIdentifier>{8CDEE807-BC53-E450-C8B8-4DEBB66742D4}</UniqueIdentifier>
    </Filter>
    <Filter Include="src">
      <UniqueIdentifier>{8CDEE807-BC53-E450-C8B8-4DEBB66742D4}</UniqueIdentifier>
    </Filter>
    <Filter Include="src">
      <UniqueIdentifier>{8CDEE807-BC53-E450-C8B8-4DEBB66742D4}</UniqueIdentifier>
    </Filter>
  </ItemGroup>
  <ItemGroup>
    <ClInclude Include="..\..\..\revdb\src\dbsqlite.h">
      <Filter>src</Filter>
    </ClInclude>
    <ClCompile Include="..\..\..\revdb\src\dbdrivercommon.cpp">
      <Filter>src</Filter>
    </ClCompile>
    <ClCompile Include="..\..\..\revdb\src\database.cpp">
      <Filter>src</Filter>
    </ClCompile>
    <ClCompile Include="..\..\..\revdb\src\dbsqliteapi.cpp">
      <Filter>src</Filter>
    </ClCompile>
    <ClCompile Include="..\..\..\revdb\src\sqlite_connection.cpp">
      <Filter>src</Filter>
    </ClCompile>
    <ClCompile Include="..\..\..\revdb\src\sqlite_cursor.cpp">
      <Filter>src</Filter>
    </ClCompile>
    <None Include="..\..\..\revdb\revdb.gyp"/>
  </ItemGroup>
</Project>
