<?xml version="1.0" encoding="utf-8"?>
<Project ToolsVersion="4.0" xmlns="http://schemas.microsoft.com/developer/msbuild/2003">
  <ItemGroup>
    <Filter Include="src">
      <UniqueIdentifier>{8CDEE807-BC53-E450-C8B8-4DEBB66742D4}</UniqueIdentifier>
    </Filter>
    <Filter Include="src">
      <UniqueIdentifier>{8CDEE807-BC53-E450-C8B8-4DEBB66742D4}</UniqueIdentifier>
    </Filter>
    <Filter Include="src">
      <UniqueIdentifier>{8CDEE807-BC53-E450-C8B8-4DEBB66742D4}</UniqueIdentifier>
    </Filter>
    <Filter Include="src">
      <UniqueIdentifier>{8CDEE807-BC53-E450-C8B8-4DEBB66742D4}</UniqueIdentifier>
    </Filter>
    <Filter Include="src">
      <UniqueIdentifier>{8CDEE807-BC53-E450-C8B8-4DEBB66742D4}</UniqueIdentifier>
    </Filter>
    <Filter Include="src">
      <UniqueIdentifier>{8CDEE807-BC53-E450-C8B8-4DEBB66742D4}</UniqueIdentifier>
    </Filter>
    <Filter Include="src">
      <UniqueIdentifier>{8CDEE807-BC53-E450-C8B8-4DEBB66742D4}</UniqueIdentifier>
    </Filter>
    <Filter Include="src">
      <UniqueIdentifier>{8CDEE807-BC53-E450-C8B8-4DEBB66742D4}</UniqueIdentifier>
    </Filter>
    <Filter Include="src">
      <UniqueIdentifier>{8CDEE807-BC53-E450-C8B8-4DEBB66742D4}</UniqueIdentifier>
    </Filter>
    <Filter Include="src">
      <UniqueIdentifier>{8CDEE807-BC53-E450-C8B8-4DEBB66742D4}</UniqueIdentifier>
    </Filter>
    <Filter Include="src">
      <UniqueIdentifier>{8CDEE807-BC53-E450-C8B8-4DEBB66742D4}</UniqueIdentifier>
    </Filter>
    <Filter Include="src">
      <UniqueIdentifier>{8CDEE807-BC53-E450-C8B8-4DEBB66742D4}</UniqueIdentifier>
    </Filter>
    <Filter Include="src">
      <UniqueIdentifier>{8CDEE807-BC53-E450-C8B8-4DEBB66742D4}</UniqueIdentifier>
    </Filter>
    <Filter Include="src">
      <UniqueIdentifier>{8CDEE807-BC53-E450-C8B8-4DEBB66742D4}</UniqueIdentifier>
    </Filter>
    <Filter Include="src">
      <UniqueIdentifier>{8CDEE807-BC53-E450-C8B8-4DEBB66742D4}</UniqueIdentifier>
    </Filter>
    <Filter Include="src\_excluded_files">
      <UniqueIdentifier>{158E591E-B6EA-0C85-8F5A-18EAFA09B4CE}</UniqueIdentifier>
    </Filter>
    <Filter Include="src">
      <UniqueIdentifier>{8CDEE807-BC53-E450-C8B8-4DEBB66742D4}</UniqueIdentifier>
    </Filter>
    <Filter Include="src\_excluded_files">
      <UniqueIdentifier>{158E591E-B6EA-0C85-8F5A-18EAFA09B4CE}</UniqueIdentifier>
    </Filter>
    <Filter Include="src">
      <UniqueIdentifier>{8CDEE807-BC53-E450-C8B8-4DEBB66742D4}</UniqueIdentifier>
    </Filter>
    <Filter Include="src\_excluded_files">
      <UniqueIdentifier>{158E591E-B6EA-0C85-8F5A-18EAFA09B4CE}</UniqueIdentifier>
    </Filter>
  </ItemGroup>
  <ItemGroup>
    <ClInclude Include="..\..\..\revdb\src\revdb.h">
      <Filter>src</Filter>
    </ClInclude>
    <ClInclude Include="..\..\..\revdb\src\revdbapi.h">
      <Filter>src</Filter>
    </ClInclude>
    <ClInclude Include="..\..\..\revdb\src\database.h">
      <Filter>src</Filter>
    </ClInclude>
    <ClInclude Include="..\..\..\revdb\src\dbcursor.h">
      <Filter>src</Filter>
    </ClInclude>
    <ClInclude Include="..\..\..\revdb\src\dbdriver.h">
      <Filter>src</Filter>
    </ClInclude>
    <ClInclude Include="..\..\..\revdb\src\iossupport.h">
      <Filter>src</Filter>
    </ClInclude>
    <ClInclude Include="..\..\..\revdb\src\osxsupport.h">
      <Filter>src</Filter>
    </ClInclude>
    <ClInclude Include="..\..\..\revdb\src\unxsupport.h">
      <Filter>src</Filter>
    </ClInclude>
    <ClInclude Include="..\..\..\revdb\src\w32support.h">
      <Filter>src</Filter>
    </ClInclude>
    <ClInclude Include="..\..\..\revdb\src\large_buffer.h">
      <Filter>src</Filter>
    </ClInclude>
    <ClCompile Include="..\..\..\revdb\src\revdb.cpp">
      <Filter>src</Filter>
    </ClCompile>
    <ClCompile Include="..\..\..\revdb\src\w32support.cpp">
      <Filter>src</Filter>
    </ClCompile>
    <ClCompile Include="..\..\..\revdb\src\database.cpp">
      <Filter>src</Filter>
    </ClCompile>
    <ClCompile Include="..\..\..\revdb\src\dbdrivercommon.cpp">
      <Filter>src</Filter>
    </ClCompile>
    <None Include="..\..\..\revdb\revdb.gyp"/>
    <ClCompile Include="..\..\..\revdb\src\iossupport.cpp">
      <Filter>src\_excluded_files</Filter>
    </ClCompile>
    <ClCompile Include="..\..\..\revdb\src\osxsupport.cpp">
      <Filter>src\_excluded_files</Filter>
    </ClCompile>
    <ClCompile Include="..\..\..\revdb\src\unxsupport.cpp">
      <Filter>src\_excluded_files</Filter>
    </ClCompile>
  </ItemGroup>
</Project>
