<?xml version="1.0" encoding="utf-8"?>
<Project ToolsVersion="4.0" xmlns="http://schemas.microsoft.com/developer/msbuild/2003">
  <ItemGroup>
    <Filter Include="..">
      <UniqueIdentifier>{739DB09A-CC57-A953-A6CF-F64FA08E4FA7}</UniqueIdentifier>
    </Filter>
    <Filter Include="..\..">
      <UniqueIdentifier>{739DB09A-CC57-A953-A6CF-F64FA08E4FA7}</UniqueIdentifier>
    </Filter>
    <Filter Include="..\..\..">
      <UniqueIdentifier>{739DB09A-CC57-A953-A6CF-F64FA08E4FA7}</UniqueIdentifier>
    </Filter>
    <Filter Include="..\..\..\..">
      <UniqueIdentifier>{739DB09A-CC57-A953-A6CF-F64FA08E4FA7}</UniqueIdentifier>
    </Filter>
    <Filter Include="..\..\..\..\..">
      <UniqueIdentifier>{739DB09A-CC57-A953-A6CF-F64FA08E4FA7}</UniqueIdentifier>
    </Filter>
    <Filter Include="..\..\..\..\..\..">
      <UniqueIdentifier>{739DB09A-CC57-A953-A6CF-F64FA08E4FA7}</UniqueIdentifier>
    </Filter>
    <Filter Include="..\..\..\..\..\..\extensions">
      <UniqueIdentifier>{76083E2D-7590-88DA-EC98-B85C08DD3529}</UniqueIdentifier>
    </Filter>
    <Filter Include="..\..\..\..\..\..\extensions\libraries">
      <UniqueIdentifier>{91746794-0D1F-C637-2673-8F987201349D}</UniqueIdentifier>
    </Filter>
    <Filter Include="..\..\..\..\..\..\extensions\libraries\timezone">
      <UniqueIdentifier>{1F2F4E3C-8485-CE63-6C84-B3D7010FF8CC}</UniqueIdentifier>
    </Filter>
    <Filter Include="..\..\..\..\..\..\extensions\libraries\timezone\tz">
      <UniqueIdentifier>{C7A68FE3-AA5B-2033-34DA-7014F94E754F}</UniqueIdentifier>
    </Filter>
    <Filter Include="..">
      <UniqueIdentifier>{739DB09A-CC57-A953-A6CF-F64FA08E4FA7}</UniqueIdentifier>
    </Filter>
    <Filter Include="..\..">
      <UniqueIdentifier>{739DB09A-CC57-A953-A6CF-F64FA08E4FA7}</UniqueIdentifier>
    </Filter>
    <Filter Include="..\..\..">
      <UniqueIdentifier>{739DB09A-CC57-A953-A6CF-F64FA08E4FA7}</UniqueIdentifier>
    </Filter>
    <Filter Include="..\..\..\..">
      <UniqueIdentifier>{739DB09A-CC57-A953-A6CF-F64FA08E4FA7}</UniqueIdentifier>
    </Filter>
    <Filter Include="..\..\..\..\..">
      <UniqueIdentifier>{739DB09A-CC57-A953-A6CF-F64FA08E4FA7}</UniqueIdentifier>
    </Filter>
    <Filter Include="..\..\..\..\..\..">
      <UniqueIdentifier>{739DB09A-CC57-A953-A6CF-F64FA08E4FA7}</UniqueIdentifier>
    </Filter>
    <Filter Include="..\..\..\..\..\..\extensions">
      <UniqueIdentifier>{76083E2D-7590-88DA-EC98-B85C08DD3529}</UniqueIdentifier>
    </Filter>
    <Filter Include="..\..\..\..\..\..\extensions\libraries">
      <UniqueIdentifier>{91746794-0D1F-C637-2673-8F987201349D}</UniqueIdentifier>
    </Filter>
    <Filter Include="..\..\..\..\..\..\extensions\libraries\timezone">
      <UniqueIdentifier>{1F2F4E3C-8485-CE63-6C84-B3D7010FF8CC}</UniqueIdentifier>
    </Filter>
    <Filter Include="..\..\..\..\..\..\extensions\libraries\timezone\_excluded_files">
      <UniqueIdentifier>{158E591E-B6EA-0C85-8F5A-18EAFA09B4CE}</UniqueIdentifier>
    </Filter>
    <Filter Include="..">
      <UniqueIdentifier>{739DB09A-CC57-A953-A6CF-F64FA08E4FA7}</UniqueIdentifier>
    </Filter>
    <Filter Include="..\..">
      <UniqueIdentifier>{739DB09A-CC57-A953-A6CF-F64FA08E4FA7}</UniqueIdentifier>
    </Filter>
    <Filter Include="..\..\..">
      <UniqueIdentifier>{739DB09A-CC57-A953-A6CF-F64FA08E4FA7}</UniqueIdentifier>
    </Filter>
    <Filter Include="..\..\..\..">
      <UniqueIdentifier>{739DB09A-CC57-A953-A6CF-F64FA08E4FA7}</UniqueIdentifier>
    </Filter>
    <Filter Include="..\..\..\..\..">
      <UniqueIdentifier>{739DB09A-CC57-A953-A6CF-F64FA08E4FA7}</UniqueIdentifier>
    </Filter>
    <Filter Include="..\..\..\..\..\..">
      <UniqueIdentifier>{739DB09A-CC57-A953-A6CF-F64FA08E4FA7}</UniqueIdentifier>
    </Filter>
    <Filter Include="..\..\..\..\..\..\tools">
      <UniqueIdentifier>{A0946190-5491-4D66-7E51-19400E36F078}</UniqueIdentifier>
    </Filter>
    <Filter Include="..\..\..\..\..\..\tools\_excluded_files">
      <UniqueIdentifier>{158E591E-B6EA-0C85-8F5A-18EAFA09B4CE}</UniqueIdentifier>
    </Filter>
    <Filter Include="$(obj)">
      <UniqueIdentifier>{7982AFF0-2381-0A99-D369-5344B755DC88}</UniqueIdentifier>
    </Filter>
    <Filter Include="$(obj)\..">
      <UniqueIdentifier>{739DB09A-CC57-A953-A6CF-F64FA08E4FA7}</UniqueIdentifier>
    </Filter>
    <Filter Include="$(obj)\..\shared_intermediate">
      <UniqueIdentifier>{2D611E6C-8C83-D3E1-33CF-E53B903C4BA4}</UniqueIdentifier>
    </Filter>
    <Filter Include="$(obj)\..\shared_intermediate\_excluded_files">
      <UniqueIdentifier>{158E591E-B6EA-0C85-8F5A-18EAFA09B4CE}</UniqueIdentifier>
    </Filter>
    <Filter Include="..">
      <UniqueIdentifier>{739DB09A-CC57-A953-A6CF-F64FA08E4FA7}</UniqueIdentifier>
    </Filter>
    <Filter Include="..\..">
      <UniqueIdentifier>{739DB09A-CC57-A953-A6CF-F64FA08E4FA7}</UniqueIdentifier>
    </Filter>
    <Filter Include="..\..\..">
      <UniqueIdentifier>{739DB09A-CC57-A953-A6CF-F64FA08E4FA7}</UniqueIdentifier>
    </Filter>
    <Filter Include="..\..\..\..">
      <UniqueIdentifier>{739DB09A-CC57-A953-A6CF-F64FA08E4FA7}</UniqueIdentifier>
    </Filter>
    <Filter Include="..\..\..\..\..">
      <UniqueIdentifier>{739DB09A-CC57-A953-A6CF-F64FA08E4FA7}</UniqueIdentifier>
    </Filter>
    <Filter Include="..\..\..\..\..\..">
      <UniqueIdentifier>{739DB09A-CC57-A953-A6CF-F64FA08E4FA7}</UniqueIdentifier>
    </Filter>
    <Filter Include="..\..\..\..\..\..\extensions">
      <UniqueIdentifier>{76083E2D-7590-88DA-EC98-B85C08DD3529}</UniqueIdentifier>
    </Filter>
    <Filter Include="..\..\..\..\..\..\extensions\libraries">
      <UniqueIdentifier>{91746794-0D1F-C637-2673-8F987201349D}</UniqueIdentifier>
    </Filter>
    <Filter Include="..\..\..\..\..\..\extensions\libraries\timezone">
      <UniqueIdentifier>{1F2F4E3C-8485-CE63-6C84-B3D7010FF8CC}</UniqueIdentifier>
    </Filter>
    <Filter Include="..\..\..\..\..\..\extensions\libraries\timezone\tz">
      <UniqueIdentifier>{C7A68FE3-AA5B-2033-34DA-7014F94E754F}</UniqueIdentifier>
    </Filter>
    <Filter Include="..\..\..\..\..\..\extensions\libraries\timezone\tz\_excluded_files">
      <UniqueIdentifier>{158E591E-B6EA-0C85-8F5A-18EAFA09B4CE}</UniqueIdentifier>
    </Filter>
    <Filter Include="$(OutDir)">
      <UniqueIdentifier>{ECA95933-7FA6-5798-4EC4-C0CAC6DD34DE}</UniqueIdentifier>
    </Filter>
    <Filter Include="$(OutDir)\_excluded_files">
      <UniqueIdentifier>{158E591E-B6EA-0C85-8F5A-18EAFA09B4CE}</UniqueIdentifier>
    </Filter>
  </ItemGroup>
  <ItemGroup>
    <None Include="..\..\..\..\..\..\extensions\libraries\timezone\tz\tz.gyp">
      <Filter>..\..\..\..\..\..\extensions\libraries\timezone\tz</Filter>
    </None>
    <None Include="..\..\..\..\..\..\extensions\libraries\timezone\timezone.lcb">
      <Filter>..\..\..\..\..\..\extensions\libraries\timezone\_excluded_files</Filter>
    </None>
    <None Include="..\..\..\..\..\..\tools\build-module-lcext-ios.sh">
      <Filter>..\..\..\..\..\..\tools\_excluded_files</Filter>
    </None>
    <ClCompile Include="$(obj)\..\shared_intermediate\timezone.cpp">
      <Filter>$(obj)\..\shared_intermediate\_excluded_files</Filter>
    </ClCompile>
    <None Include="..\..\..\..\..\..\extensions\libraries\timezone\tz\tz.ios">
      <Filter>..\..\..\..\..\..\extensions\libraries\timezone\tz\_excluded_files</Filter>
    </None>
    <None Include="$(OutDir)\tz.lib">
      <Filter>$(OutDir)\_excluded_files</Filter>
    </None>
  </ItemGroup>
</Project>
