<?xml version="1.0" encoding="utf-8"?>
<Project ToolsVersion="4.0" xmlns="http://schemas.microsoft.com/developer/msbuild/2003">
  <ItemGroup>
    <Filter Include="..">
      <UniqueIdentifier>{739DB09A-CC57-A953-A6CF-F64FA08E4FA7}</UniqueIdentifier>
    </Filter>
    <Filter Include="..\..">
      <UniqueIdentifier>{739DB09A-CC57-A953-A6CF-F64FA08E4FA7}</UniqueIdentifier>
    </Filter>
    <Filter Include="..\..\..">
      <UniqueIdentifier>{739DB09A-CC57-A953-A6CF-F64FA08E4FA7}</UniqueIdentifier>
    </Filter>
    <Filter Include="..\..\..\..">
      <UniqueIdentifier>{739DB09A-CC57-A953-A6CF-F64FA08E4FA7}</UniqueIdentifier>
    </Filter>
    <Filter Include="..\..\..\..\..">
      <UniqueIdentifier>{739DB09A-CC57-A953-A6CF-F64FA08E4FA7}</UniqueIdentifier>
    </Filter>
    <Filter Include="..\..\..\..\..\..">
      <UniqueIdentifier>{739DB09A-CC57-A953-A6CF-F64FA08E4FA7}</UniqueIdentifier>
    </Filter>
    <Filter Include="..\..\..\..\..\..\extensions">
      <UniqueIdentifier>{76083E2D-7590-88DA-EC98-B85C08DD3529}</UniqueIdentifier>
    </Filter>
    <Filter Include="..\..\..\..\..\..\extensions\libraries">
      <UniqueIdentifier>{91746794-0D1F-C637-2673-8F987201349D}</UniqueIdentifier>
    </Filter>
    <Filter Include="..\..\..\..\..\..\extensions\libraries\timezone">
      <UniqueIdentifier>{1F2F4E3C-8485-CE63-6C84-B3D7010FF8CC}</UniqueIdentifier>
    </Filter>
    <Filter Include="..\..\..\..\..\..\extensions\libraries\timezone\tz">
      <UniqueIdentifier>{C7A68FE3-AA5B-2033-34DA-7014F94E754F}</UniqueIdentifier>
    </Filter>
    <Filter Include="$(OutDir)">
      <UniqueIdentifier>{ECA95933-7FA6-5798-4EC4-C0CAC6DD34DE}</UniqueIdentifier>
    </Filter>
  </ItemGroup>
  <ItemGroup>
    <None Include="..\..\..\..\..\..\extensions\libraries\timezone\tz\tz.gyp">
      <Filter>..\..\..\..\..\..\extensions\libraries\timezone\tz</Filter>
    </None>
    <None Include="$(OutDir)\tz.dll">
      <Filter>$(OutDir)</Filter>
    </None>
  </ItemGroup>
</Project>
