<?xml version="1.0" encoding="utf-8"?>
<Project ToolsVersion="4.0" xmlns="http://schemas.microsoft.com/developer/msbuild/2003">
  <ItemGroup>
    <Filter Include="script-libraries">
      <UniqueIdentifier>{97BF98D2-858D-BC1B-6F18-5EDFBFD0508E}</UniqueIdentifier>
    </Filter>
    <Filter Include="script-libraries\extension-utils">
      <UniqueIdentifier>{0E72C4D7-62E4-9F5A-BCA8-1E091EAFFE68}</UniqueIdentifier>
    </Filter>
    <Filter Include="script-libraries">
      <UniqueIdentifier>{97BF98D2-858D-BC1B-6F18-5EDFBFD0508E}</UniqueIdentifier>
    </Filter>
    <Filter Include="script-libraries\oauth2">
      <UniqueIdentifier>{EB9226A9-AEE7-EEE6-351F-E99AC7D60249}</UniqueIdentifier>
    </Filter>
    <Filter Include="script-libraries">
      <UniqueIdentifier>{97BF98D2-858D-BC1B-6F18-5EDFBFD0508E}</UniqueIdentifier>
    </Filter>
    <Filter Include="script-libraries\getopt">
      <UniqueIdentifier>{3349A096-5717-5DFE-1CCF-A490EA85AE59}</UniqueIdentifier>
    </Filter>
    <Filter Include="script-libraries">
      <UniqueIdentifier>{97BF98D2-858D-BC1B-6F18-5EDFBFD0508E}</UniqueIdentifier>
    </Filter>
    <Filter Include="script-libraries\mime">
      <UniqueIdentifier>{E5858ECB-A3FC-9462-265F-CB580B00DAF4}</UniqueIdentifier>
    </Filter>
    <Filter Include="script-libraries">
      <UniqueIdentifier>{97BF98D2-858D-BC1B-6F18-5EDFBFD0508E}</UniqueIdentifier>
    </Filter>
    <Filter Include="script-libraries\drawing">
      <UniqueIdentifier>{98B8D3D3-E3E4-3164-D1D0-1DCA553D92E1}</UniqueIdentifier>
    </Filter>
    <Filter Include="script-libraries">
      <UniqueIdentifier>{97BF98D2-858D-BC1B-6F18-5EDFBFD0508E}</UniqueIdentifier>
    </Filter>
    <Filter Include="script-libraries\dropbox">
      <UniqueIdentifier>{F3B67F66-9A98-CB1E-1837-4416F561EB91}</UniqueIdentifier>
    </Filter>
    <Filter Include="script-libraries">
      <UniqueIdentifier>{97BF98D2-858D-BC1B-6F18-5EDFBFD0508E}</UniqueIdentifier>
    </Filter>
    <Filter Include="script-libraries\diff">
      <UniqueIdentifier>{04DBB9AD-8AC4-2F7C-9D3A-F5AF56670916}</UniqueIdentifier>
    </Filter>
    <Filter Include="script-libraries">
      <UniqueIdentifier>{97BF98D2-858D-BC1B-6F18-5EDFBFD0508E}</UniqueIdentifier>
    </Filter>
    <Filter Include="script-libraries\messageauthentication">
      <UniqueIdentifier>{0138208E-FD03-E31F-BE6A-EE5E4717C181}</UniqueIdentifier>
    </Filter>
    <Filter Include="script-libraries">
      <UniqueIdentifier>{97BF98D2-858D-BC1B-6F18-5EDFBFD0508E}</UniqueIdentifier>
    </Filter>
    <Filter Include="script-libraries\httpd">
      <UniqueIdentifier>{53EB6E6E-3656-0089-AB18-B4C6BAE95D65}</UniqueIdentifier>
    </Filter>
    <Filter Include="script-libraries">
      <UniqueIdentifier>{97BF98D2-858D-BC1B-6F18-5EDFBFD0508E}</UniqueIdentifier>
    </Filter>
    <Filter Include="script-libraries\qr">
      <UniqueIdentifier>{1933D561-E390-3BF9-5CB4-2261A17A9157}</UniqueIdentifier>
    </Filter>
  </ItemGroup>
  <ItemGroup>
    <build_script_extension Include="..\..\..\extensions\script-libraries\extension-utils\extension-utils.livecodescript">
      <Filter>script-libraries\extension-utils</Filter>
    </build_script_extension>
    <build_script_extension Include="..\..\..\extensions\script-libraries\oauth2\oauth2.livecodescript">
      <Filter>script-libraries\oauth2</Filter>
    </build_script_extension>
    <build_script_extension Include="..\..\..\extensions\script-libraries\getopt\getopt.livecodescript">
      <Filter>script-libraries\getopt</Filter>
    </build_script_extension>
    <build_script_extension Include="..\..\..\extensions\script-libraries\mime\mime.livecodescript">
      <Filter>script-libraries\mime</Filter>
    </build_script_extension>
    <build_script_extension Include="..\..\..\extensions\script-libraries\drawing\drawing.livecodescript">
      <Filter>script-libraries\drawing</Filter>
    </build_script_extension>
    <build_script_extension Include="..\..\..\extensions\script-libraries\dropbox\dropbox.livecodescript">
      <Filter>script-libraries\dropbox</Filter>
    </build_script_extension>
    <build_script_extension Include="..\..\..\extensions\script-libraries\diff\diff.livecodescript">
      <Filter>script-libraries\diff</Filter>
    </build_script_extension>
    <build_script_extension Include="..\..\..\extensions\script-libraries\messageauthentication\messageauthentication.livecodescript">
      <Filter>script-libraries\messageauthentication</Filter>
    </build_script_extension>
    <build_script_extension Include="..\..\..\extensions\script-libraries\httpd\httpd.livecodescript">
      <Filter>script-libraries\httpd</Filter>
    </build_script_extension>
    <build_script_extension Include="..\..\..\extensions\script-libraries\qr\qr.livecodescript">
      <Filter>script-libraries\qr</Filter>
    </build_script_extension>
    <None Include="..\..\..\extensions\extensions.gyp"/>
  </ItemGroup>
</Project>
