<?xml version="1.0" encoding="utf-8"?>
<Project ToolsVersion="4.0" xmlns="http://schemas.microsoft.com/developer/msbuild/2003">
  <ItemGroup>
    <Filter Include="include">
      <UniqueIdentifier>{57CA55B8-BCC5-4000-CE3A-58972F82E9CB}</UniqueIdentifier>
    </Filter>
    <Filter Include="src">
      <UniqueIdentifier>{8CDEE807-BC53-E450-C8B8-4DEBB66742D4}</UniqueIdentifier>
    </Filter>
    <Filter Include="src">
      <UniqueIdentifier>{8CDEE807-BC53-E450-C8B8-4DEBB66742D4}</UniqueIdentifier>
    </Filter>
    <Filter Include="src">
      <UniqueIdentifier>{8CDEE807-BC53-E450-C8B8-4DEBB66742D4}</UniqueIdentifier>
    </Filter>
    <Filter Include="src">
      <UniqueIdentifier>{8CDEE807-BC53-E450-C8B8-4DEBB66742D4}</UniqueIdentifier>
    </Filter>
    <Filter Include="src">
      <UniqueIdentifier>{8CDEE807-BC53-E450-C8B8-4DEBB66742D4}</UniqueIdentifier>
    </Filter>
    <Filter Include="src">
      <UniqueIdentifier>{8CDEE807-BC53-E450-C8B8-4DEBB66742D4}</UniqueIdentifier>
    </Filter>
    <Filter Include="src">
      <UniqueIdentifier>{8CDEE807-BC53-E450-C8B8-4DEBB66742D4}</UniqueIdentifier>
    </Filter>
    <Filter Include="src">
      <UniqueIdentifier>{8CDEE807-BC53-E450-C8B8-4DEBB66742D4}</UniqueIdentifier>
    </Filter>
    <Filter Include="src">
      <UniqueIdentifier>{8CDEE807-BC53-E450-C8B8-4DEBB66742D4}</UniqueIdentifier>
    </Filter>
    <Filter Include="src">
      <UniqueIdentifier>{8CDEE807-BC53-E450-C8B8-4DEBB66742D4}</UniqueIdentifier>
    </Filter>
    <Filter Include="src">
      <UniqueIdentifier>{8CDEE807-BC53-E450-C8B8-4DEBB66742D4}</UniqueIdentifier>
    </Filter>
    <Filter Include="src">
      <UniqueIdentifier>{8CDEE807-BC53-E450-C8B8-4DEBB66742D4}</UniqueIdentifier>
    </Filter>
    <Filter Include="src">
      <UniqueIdentifier>{8CDEE807-BC53-E450-C8B8-4DEBB66742D4}</UniqueIdentifier>
    </Filter>
    <Filter Include="src">
      <UniqueIdentifier>{8CDEE807-BC53-E450-C8B8-4DEBB66742D4}</UniqueIdentifier>
    </Filter>
    <Filter Include="src\_excluded_files">
      <UniqueIdentifier>{158E591E-B6EA-0C85-8F5A-18EAFA09B4CE}</UniqueIdentifier>
    </Filter>
    <Filter Include="src">
      <UniqueIdentifier>{8CDEE807-BC53-E450-C8B8-4DEBB66742D4}</UniqueIdentifier>
    </Filter>
    <Filter Include="src\_excluded_files">
      <UniqueIdentifier>{158E591E-B6EA-0C85-8F5A-18EAFA09B4CE}</UniqueIdentifier>
    </Filter>
    <Filter Include="src">
      <UniqueIdentifier>{8CDEE807-BC53-E450-C8B8-4DEBB66742D4}</UniqueIdentifier>
    </Filter>
    <Filter Include="src\_excluded_files">
      <UniqueIdentifier>{158E591E-B6EA-0C85-8F5A-18EAFA09B4CE}</UniqueIdentifier>
    </Filter>
    <Filter Include="src">
      <UniqueIdentifier>{8CDEE807-BC53-E450-C8B8-4DEBB66742D4}</UniqueIdentifier>
    </Filter>
    <Filter Include="src\_excluded_files">
      <UniqueIdentifier>{158E591E-B6EA-0C85-8F5A-18EAFA09B4CE}</UniqueIdentifier>
    </Filter>
  </ItemGroup>
  <ItemGroup>
    <ClInclude Include="..\..\..\libgraphics\include\graphics.h">
      <Filter>include</Filter>
    </ClInclude>
    <ClInclude Include="..\..\..\libgraphics\src\graphics-internal.h">
      <Filter>src</Filter>
    </ClInclude>
    <ClCompile Include="..\..\..\libgraphics\src\blur.cpp">
      <Filter>src</Filter>
    </ClCompile>
    <ClCompile Include="..\..\..\libgraphics\src\cachetable.cpp">
      <Filter>src</Filter>
    </ClCompile>
    <ClCompile Include="..\..\..\libgraphics\src\context.cpp">
      <Filter>src</Filter>
    </ClCompile>
    <ClCompile Include="..\..\..\libgraphics\src\directwrite-skia.cpp">
      <Filter>src</Filter>
    </ClCompile>
    <ClCompile Include="..\..\..\libgraphics\src\image.cpp">
      <Filter>src</Filter>
    </ClCompile>
    <ClCompile Include="..\..\..\libgraphics\src\path.cpp">
      <Filter>src</Filter>
    </ClCompile>
    <ClCompile Include="..\..\..\libgraphics\src\region.cpp">
      <Filter>src</Filter>
    </ClCompile>
    <ClCompile Include="..\..\..\libgraphics\src\spread.cpp">
      <Filter>src</Filter>
    </ClCompile>
    <ClCompile Include="..\..\..\libgraphics\src\utils.cpp">
      <Filter>src</Filter>
    </ClCompile>
    <ClCompile Include="..\..\..\libgraphics\src\SkStippleMaskFilter.cpp">
      <Filter>src</Filter>
    </ClCompile>
    <ClCompile Include="..\..\..\libgraphics\src\legacygradients.cpp">
      <Filter>src</Filter>
    </ClCompile>
    <ClCompile Include="..\..\..\libgraphics\src\drawing.cpp">
      <Filter>src</Filter>
    </ClCompile>
    <None Include="..\..\..\libgraphics\libgraphics.gyp"/>
    <ClCompile Include="..\..\..\libgraphics\src\coretext-skia.cpp">
      <Filter>src\_excluded_files</Filter>
    </ClCompile>
    <ClCompile Include="..\..\..\libgraphics\src\lnxtext.cpp">
      <Filter>src\_excluded_files</Filter>
    </ClCompile>
    <ClCompile Include="..\..\..\libgraphics\src\harfbuzztext.cpp">
      <Filter>src\_excluded_files</Filter>
    </ClCompile>
    <ClCompile Include="..\..\..\libgraphics\src\hb-sk.cpp">
      <Filter>src\_excluded_files</Filter>
    </ClCompile>
  </ItemGroup>
</Project>
