<?xml version="1.0" encoding="utf-8"?>
<Project ToolsVersion="4.0" xmlns="http://schemas.microsoft.com/developer/msbuild/2003">
  <ItemGroup>
    <Filter Include="..">
      <UniqueIdentifier>{739DB09A-CC57-A953-A6CF-F64FA08E4FA7}</UniqueIdentifier>
    </Filter>
    <Filter Include="..\..">
      <UniqueIdentifier>{739DB09A-CC57-A953-A6CF-F64FA08E4FA7}</UniqueIdentifier>
    </Filter>
    <Filter Include="..\..\..">
      <UniqueIdentifier>{739DB09A-CC57-A953-A6CF-F64FA08E4FA7}</UniqueIdentifier>
    </Filter>
    <Filter Include="..\..\..\..">
      <UniqueIdentifier>{739DB09A-CC57-A953-A6CF-F64FA08E4FA7}</UniqueIdentifier>
    </Filter>
    <Filter Include="..\..\..\..\..">
      <UniqueIdentifier>{739DB09A-CC57-A953-A6CF-F64FA08E4FA7}</UniqueIdentifier>
    </Filter>
    <Filter Include="..\..\..\..\..\..">
      <UniqueIdentifier>{739DB09A-CC57-A953-A6CF-F64FA08E4FA7}</UniqueIdentifier>
    </Filter>
    <Filter Include="..\..\..\..\..\..\extensions">
      <UniqueIdentifier>{76083E2D-7590-88DA-EC98-B85C08DD3529}</UniqueIdentifier>
    </Filter>
    <Filter Include="..\..\..\..\..\..\extensions\libraries">
      <UniqueIdentifier>{91746794-0D1F-C637-2673-8F987201349D}</UniqueIdentifier>
    </Filter>
    <Filter Include="..\..\..\..\..\..\extensions\libraries\ini">
      <UniqueIdentifier>{A7AB76EB-5528-F7B9-F9EC-F96DD021CCF5}</UniqueIdentifier>
    </Filter>
    <Filter Include="..\..\..\..\..\..\extensions\libraries\ini\inih">
      <UniqueIdentifier>{F89891F8-022B-62F0-6C04-AEADF9372EE8}</UniqueIdentifier>
    </Filter>
    <Filter Include="$(OutDir)">
      <UniqueIdentifier>{ECA95933-7FA6-5798-4EC4-C0CAC6DD34DE}</UniqueIdentifier>
    </Filter>
  </ItemGroup>
  <ItemGroup>
    <None Include="..\..\..\..\..\..\extensions\libraries\ini\inih\inih.gyp">
      <Filter>..\..\..\..\..\..\extensions\libraries\ini\inih</Filter>
    </None>
    <None Include="$(OutDir)\inih.dll">
      <Filter>$(OutDir)</Filter>
    </None>
  </ItemGroup>
</Project>
