<?xml version="1.0" encoding="utf-8"?>
<Project ToolsVersion="4.0" xmlns="http://schemas.microsoft.com/developer/msbuild/2003">
  <ItemGroup>
    <Filter Include="..">
      <UniqueIdentifier>{739DB09A-CC57-A953-A6CF-F64FA08E4FA7}</UniqueIdentifier>
    </Filter>
    <Filter Include="..\..">
      <UniqueIdentifier>{739DB09A-CC57-A953-A6CF-F64FA08E4FA7}</UniqueIdentifier>
    </Filter>
    <Filter Include="..\..\..">
      <UniqueIdentifier>{739DB09A-CC57-A953-A6CF-F64FA08E4FA7}</UniqueIdentifier>
    </Filter>
    <Filter Include="..\..\..\..">
      <UniqueIdentifier>{739DB09A-CC57-A953-A6CF-F64FA08E4FA7}</UniqueIdentifier>
    </Filter>
    <Filter Include="..\..\..\..\..">
      <UniqueIdentifier>{739DB09A-CC57-A953-A6CF-F64FA08E4FA7}</UniqueIdentifier>
    </Filter>
    <Filter Include="..\..\..\..\..\..">
      <UniqueIdentifier>{739DB09A-CC57-A953-A6CF-F64FA08E4FA7}</UniqueIdentifier>
    </Filter>
    <Filter Include="..\..\..\..\..\..\extensions">
      <UniqueIdentifier>{76083E2D-7590-88DA-EC98-B85C08DD3529}</UniqueIdentifier>
    </Filter>
    <Filter Include="..\..\..\..\..\..\extensions\libraries">
      <UniqueIdentifier>{91746794-0D1F-C637-2673-8F987201349D}</UniqueIdentifier>
    </Filter>
    <Filter Include="..\..\..\..\..\..\extensions\libraries\ini">
      <UniqueIdentifier>{A7AB76EB-5528-F7B9-F9EC-F96DD021CCF5}</UniqueIdentifier>
    </Filter>
    <Filter Include="..\..\..\..\..\..\extensions\libraries\ini\inih">
      <UniqueIdentifier>{F89891F8-022B-62F0-6C04-AEADF9372EE8}</UniqueIdentifier>
    </Filter>
    <Filter Include="..">
      <UniqueIdentifier>{739DB09A-CC57-A953-A6CF-F64FA08E4FA7}</UniqueIdentifier>
    </Filter>
    <Filter Include="..\..">
      <UniqueIdentifier>{739DB09A-CC57-A953-A6CF-F64FA08E4FA7}</UniqueIdentifier>
    </Filter>
    <Filter Include="..\..\..">
      <UniqueIdentifier>{739DB09A-CC57-A953-A6CF-F64FA08E4FA7}</UniqueIdentifier>
    </Filter>
    <Filter Include="..\..\..\..">
      <UniqueIdentifier>{739DB09A-CC57-A953-A6CF-F64FA08E4FA7}</UniqueIdentifier>
    </Filter>
    <Filter Include="..\..\..\..\..">
      <UniqueIdentifier>{739DB09A-CC57-A953-A6CF-F64FA08E4FA7}</UniqueIdentifier>
    </Filter>
    <Filter Include="..\..\..\..\..\..">
      <UniqueIdentifier>{739DB09A-CC57-A953-A6CF-F64FA08E4FA7}</UniqueIdentifier>
    </Filter>
    <Filter Include="..\..\..\..\..\..\extensions">
      <UniqueIdentifier>{76083E2D-7590-88DA-EC98-B85C08DD3529}</UniqueIdentifier>
    </Filter>
    <Filter Include="..\..\..\..\..\..\extensions\libraries">
      <UniqueIdentifier>{91746794-0D1F-C637-2673-8F987201349D}</UniqueIdentifier>
    </Filter>
    <Filter Include="..\..\..\..\..\..\extensions\libraries\ini">
      <UniqueIdentifier>{A7AB76EB-5528-F7B9-F9EC-F96DD021CCF5}</UniqueIdentifier>
    </Filter>
    <Filter Include="..\..\..\..\..\..\extensions\libraries\ini\_excluded_files">
      <UniqueIdentifier>{158E591E-B6EA-0C85-8F5A-18EAFA09B4CE}</UniqueIdentifier>
    </Filter>
    <Filter Include="..">
      <UniqueIdentifier>{739DB09A-CC57-A953-A6CF-F64FA08E4FA7}</UniqueIdentifier>
    </Filter>
    <Filter Include="..\..">
      <UniqueIdentifier>{739DB09A-CC57-A953-A6CF-F64FA08E4FA7}</UniqueIdentifier>
    </Filter>
    <Filter Include="..\..\..">
      <UniqueIdentifier>{739DB09A-CC57-A953-A6CF-F64FA08E4FA7}</UniqueIdentifier>
    </Filter>
    <Filter Include="..\..\..\..">
      <UniqueIdentifier>{739DB09A-CC57-A953-A6CF-F64FA08E4FA7}</UniqueIdentifier>
    </Filter>
    <Filter Include="..\..\..\..\..">
      <UniqueIdentifier>{739DB09A-CC57-A953-A6CF-F64FA08E4FA7}</UniqueIdentifier>
    </Filter>
    <Filter Include="..\..\..\..\..\..">
      <UniqueIdentifier>{739DB09A-CC57-A953-A6CF-F64FA08E4FA7}</UniqueIdentifier>
    </Filter>
    <Filter Include="..\..\..\..\..\..\tools">
      <UniqueIdentifier>{A0946190-5491-4D66-7E51-19400E36F078}</UniqueIdentifier>
    </Filter>
    <Filter Include="..\..\..\..\..\..\tools\_excluded_files">
      <UniqueIdentifier>{158E591E-B6EA-0C85-8F5A-18EAFA09B4CE}</UniqueIdentifier>
    </Filter>
    <Filter Include="$(obj)">
      <UniqueIdentifier>{7982AFF0-2381-0A99-D369-5344B755DC88}</UniqueIdentifier>
    </Filter>
    <Filter Include="$(obj)\..">
      <UniqueIdentifier>{739DB09A-CC57-A953-A6CF-F64FA08E4FA7}</UniqueIdentifier>
    </Filter>
    <Filter Include="$(obj)\..\shared_intermediate">
      <UniqueIdentifier>{2D611E6C-8C83-D3E1-33CF-E53B903C4BA4}</UniqueIdentifier>
    </Filter>
    <Filter Include="$(obj)\..\shared_intermediate\_excluded_files">
      <UniqueIdentifier>{158E591E-B6EA-0C85-8F5A-18EAFA09B4CE}</UniqueIdentifier>
    </Filter>
    <Filter Include="..">
      <UniqueIdentifier>{739DB09A-CC57-A953-A6CF-F64FA08E4FA7}</UniqueIdentifier>
    </Filter>
    <Filter Include="..\..">
      <UniqueIdentifier>{739DB09A-CC57-A953-A6CF-F64FA08E4FA7}</UniqueIdentifier>
    </Filter>
    <Filter Include="..\..\..">
      <UniqueIdentifier>{739DB09A-CC57-A953-A6CF-F64FA08E4FA7}</UniqueIdentifier>
    </Filter>
    <Filter Include="..\..\..\..">
      <UniqueIdentifier>{739DB09A-CC57-A953-A6CF-F64FA08E4FA7}</UniqueIdentifier>
    </Filter>
    <Filter Include="..\..\..\..\..">
      <UniqueIdentifier>{739DB09A-CC57-A953-A6CF-F64FA08E4FA7}</UniqueIdentifier>
    </Filter>
    <Filter Include="..\..\..\..\..\..">
      <UniqueIdentifier>{739DB09A-CC57-A953-A6CF-F64FA08E4FA7}</UniqueIdentifier>
    </Filter>
    <Filter Include="..\..\..\..\..\..\extensions">
      <UniqueIdentifier>{76083E2D-7590-88DA-EC98-B85C08DD3529}</UniqueIdentifier>
    </Filter>
    <Filter Include="..\..\..\..\..\..\extensions\libraries">
      <UniqueIdentifier>{91746794-0D1F-C637-2673-8F987201349D}</UniqueIdentifier>
    </Filter>
    <Filter Include="..\..\..\..\..\..\extensions\libraries\ini">
      <UniqueIdentifier>{A7AB76EB-5528-F7B9-F9EC-F96DD021CCF5}</UniqueIdentifier>
    </Filter>
    <Filter Include="..\..\..\..\..\..\extensions\libraries\ini\inih">
      <UniqueIdentifier>{F89891F8-022B-62F0-6C04-AEADF9372EE8}</UniqueIdentifier>
    </Filter>
    <Filter Include="..\..\..\..\..\..\extensions\libraries\ini\inih\_excluded_files">
      <UniqueIdentifier>{158E591E-B6EA-0C85-8F5A-18EAFA09B4CE}</UniqueIdentifier>
    </Filter>
    <Filter Include="$(OutDir)">
      <UniqueIdentifier>{ECA95933-7FA6-5798-4EC4-C0CAC6DD34DE}</UniqueIdentifier>
    </Filter>
    <Filter Include="$(OutDir)\_excluded_files">
      <UniqueIdentifier>{158E591E-B6EA-0C85-8F5A-18EAFA09B4CE}</UniqueIdentifier>
    </Filter>
  </ItemGroup>
  <ItemGroup>
    <None Include="..\..\..\..\..\..\extensions\libraries\ini\inih\inih.gyp">
      <Filter>..\..\..\..\..\..\extensions\libraries\ini\inih</Filter>
    </None>
    <None Include="..\..\..\..\..\..\extensions\libraries\ini\ini.lcb">
      <Filter>..\..\..\..\..\..\extensions\libraries\ini\_excluded_files</Filter>
    </None>
    <None Include="..\..\..\..\..\..\tools\build-module-lcext-ios.sh">
      <Filter>..\..\..\..\..\..\tools\_excluded_files</Filter>
    </None>
    <ClCompile Include="$(obj)\..\shared_intermediate\ini.cpp">
      <Filter>$(obj)\..\shared_intermediate\_excluded_files</Filter>
    </ClCompile>
    <None Include="..\..\..\..\..\..\extensions\libraries\ini\inih\ini.ios">
      <Filter>..\..\..\..\..\..\extensions\libraries\ini\inih\_excluded_files</Filter>
    </None>
    <None Include="$(OutDir)\inih.lib">
      <Filter>$(OutDir)\_excluded_files</Filter>
    </None>
  </ItemGroup>
</Project>
