<?xml version="1.0" encoding="utf-8"?>
<Project ToolsVersion="4.0" xmlns="http://schemas.microsoft.com/developer/msbuild/2003">
  <ItemGroup>
    <Filter Include="lcidlc">
      <UniqueIdentifier>{A752E4BF-5623-E4FA-6DA5-25813C6752AD}</UniqueIdentifier>
    </Filter>
    <Filter Include="util">
      <UniqueIdentifier>{F977CC92-61A1-407C-2835-A38A3BBED548}</UniqueIdentifier>
    </Filter>
    <Filter Include="util\_excluded_files">
      <UniqueIdentifier>{158E591E-B6EA-0C85-8F5A-18EAFA09B4CE}</UniqueIdentifier>
    </Filter>
    <Filter Include="lcidlc">
      <UniqueIdentifier>{A752E4BF-5623-E4FA-6DA5-25813C6752AD}</UniqueIdentifier>
    </Filter>
    <Filter Include="lcidlc\src">
      <UniqueIdentifier>{8CDEE807-BC53-E450-C8B8-4DEBB66742D4}</UniqueIdentifier>
    </Filter>
    <Filter Include="lcidlc\src\_excluded_files">
      <UniqueIdentifier>{158E591E-B6EA-0C85-8F5A-18EAFA09B4CE}</UniqueIdentifier>
    </Filter>
    <Filter Include="lcidlc">
      <UniqueIdentifier>{A752E4BF-5623-E4FA-6DA5-25813C6752AD}</UniqueIdentifier>
    </Filter>
    <Filter Include="lcidlc\src">
      <UniqueIdentifier>{8CDEE807-BC53-E450-C8B8-4DEBB66742D4}</UniqueIdentifier>
    </Filter>
    <Filter Include="lcidlc\src\_excluded_files">
      <UniqueIdentifier>{158E591E-B6EA-0C85-8F5A-18EAFA09B4CE}</UniqueIdentifier>
    </Filter>
  </ItemGroup>
  <ItemGroup>
    <None Include="..\..\..\lcidlc\lcidlc.gyp">
      <Filter>lcidlc</Filter>
    </None>
    <None Include="..\..\..\util\encode_source.pl">
      <Filter>util\_excluded_files</Filter>
    </None>
    <None Include="..\..\..\lcidlc\src\Support.mm">
      <Filter>lcidlc\src\_excluded_files</Filter>
    </None>
    <None Include="..\..\..\lcidlc\src\Support.java">
      <Filter>lcidlc\src\_excluded_files</Filter>
    </None>
  </ItemGroup>
</Project>
