<?xml version="1.0" encoding="utf-8"?>
<Project ToolsVersion="4.0" xmlns="http://schemas.microsoft.com/developer/msbuild/2003">
  <ItemGroup>
    <Filter Include="..">
      <UniqueIdentifier>{739DB09A-CC57-A953-A6CF-F64FA08E4FA7}</UniqueIdentifier>
    </Filter>
    <Filter Include="..\..">
      <UniqueIdentifier>{739DB09A-CC57-A953-A6CF-F64FA08E4FA7}</UniqueIdentifier>
    </Filter>
    <Filter Include="$(OutDir)">
      <UniqueIdentifier>{ECA95933-7FA6-5798-4EC4-C0CAC6DD34DE}</UniqueIdentifier>
    </Filter>
    <Filter Include="$(OutDir)">
      <UniqueIdentifier>{ECA95933-7FA6-5798-4EC4-C0CAC6DD34DE}</UniqueIdentifier>
    </Filter>
    <Filter Include="$(OutDir)">
      <UniqueIdentifier>{ECA95933-7FA6-5798-4EC4-C0CAC6DD34DE}</UniqueIdentifier>
    </Filter>
    <Filter Include="$(OutDir)">
      <UniqueIdentifier>{ECA95933-7FA6-5798-4EC4-C0CAC6DD34DE}</UniqueIdentifier>
    </Filter>
    <Filter Include="$(OutDir)">
      <UniqueIdentifier>{ECA95933-7FA6-5798-4EC4-C0CAC6DD34DE}</UniqueIdentifier>
    </Filter>
    <Filter Include="$(OutDir)">
      <UniqueIdentifier>{ECA95933-7FA6-5798-4EC4-C0CAC6DD34DE}</UniqueIdentifier>
    </Filter>
    <Filter Include="$(OutDir)">
      <UniqueIdentifier>{ECA95933-7FA6-5798-4EC4-C0CAC6DD34DE}</UniqueIdentifier>
    </Filter>
    <Filter Include="$(OutDir)">
      <UniqueIdentifier>{ECA95933-7FA6-5798-4EC4-C0CAC6DD34DE}</UniqueIdentifier>
    </Filter>
    <Filter Include="$(OutDir)">
      <UniqueIdentifier>{ECA95933-7FA6-5798-4EC4-C0CAC6DD34DE}</UniqueIdentifier>
    </Filter>
    <Filter Include="$(OutDir)">
      <UniqueIdentifier>{ECA95933-7FA6-5798-4EC4-C0CAC6DD34DE}</UniqueIdentifier>
    </Filter>
    <Filter Include="$(OutDir)">
      <UniqueIdentifier>{ECA95933-7FA6-5798-4EC4-C0CAC6DD34DE}</UniqueIdentifier>
    </Filter>
    <Filter Include="$(OutDir)">
      <UniqueIdentifier>{ECA95933-7FA6-5798-4EC4-C0CAC6DD34DE}</UniqueIdentifier>
    </Filter>
    <Filter Include="$(OutDir)">
      <UniqueIdentifier>{ECA95933-7FA6-5798-4EC4-C0CAC6DD34DE}</UniqueIdentifier>
    </Filter>
    <Filter Include="$(OutDir)">
      <UniqueIdentifier>{ECA95933-7FA6-5798-4EC4-C0CAC6DD34DE}</UniqueIdentifier>
    </Filter>
    <Filter Include="$(OutDir)">
      <UniqueIdentifier>{ECA95933-7FA6-5798-4EC4-C0CAC6DD34DE}</UniqueIdentifier>
    </Filter>
    <Filter Include="$(OutDir)">
      <UniqueIdentifier>{ECA95933-7FA6-5798-4EC4-C0CAC6DD34DE}</UniqueIdentifier>
    </Filter>
    <Filter Include="$(OutDir)">
      <UniqueIdentifier>{ECA95933-7FA6-5798-4EC4-C0CAC6DD34DE}</UniqueIdentifier>
    </Filter>
    <Filter Include="$(OutDir)">
      <UniqueIdentifier>{ECA95933-7FA6-5798-4EC4-C0CAC6DD34DE}</UniqueIdentifier>
    </Filter>
    <Filter Include="..">
      <UniqueIdentifier>{739DB09A-CC57-A953-A6CF-F64FA08E4FA7}</UniqueIdentifier>
    </Filter>
    <Filter Include="..\..">
      <UniqueIdentifier>{739DB09A-CC57-A953-A6CF-F64FA08E4FA7}</UniqueIdentifier>
    </Filter>
    <Filter Include="..\..\engine">
      <UniqueIdentifier>{0E0E98FE-41F4-1E5C-D208-62A6218447D3}</UniqueIdentifier>
    </Filter>
    <Filter Include="..\..\engine\rsrc">
      <UniqueIdentifier>{84FCDA5A-D129-D487-E8F7-2E134621BDC8}</UniqueIdentifier>
    </Filter>
    <Filter Include="..">
      <UniqueIdentifier>{739DB09A-CC57-A953-A6CF-F64FA08E4FA7}</UniqueIdentifier>
    </Filter>
    <Filter Include="..\..">
      <UniqueIdentifier>{739DB09A-CC57-A953-A6CF-F64FA08E4FA7}</UniqueIdentifier>
    </Filter>
    <Filter Include="..\..\engine">
      <UniqueIdentifier>{0E0E98FE-41F4-1E5C-D208-62A6218447D3}</UniqueIdentifier>
    </Filter>
    <Filter Include="..\..\engine\rsrc">
      <UniqueIdentifier>{84FCDA5A-D129-D487-E8F7-2E134621BDC8}</UniqueIdentifier>
    </Filter>
    <Filter Include="..">
      <UniqueIdentifier>{739DB09A-CC57-A953-A6CF-F64FA08E4FA7}</UniqueIdentifier>
    </Filter>
    <Filter Include="..\..">
      <UniqueIdentifier>{739DB09A-CC57-A953-A6CF-F64FA08E4FA7}</UniqueIdentifier>
    </Filter>
    <Filter Include="..\..\engine">
      <UniqueIdentifier>{0E0E98FE-41F4-1E5C-D208-62A6218447D3}</UniqueIdentifier>
    </Filter>
    <Filter Include="..\..\engine\rsrc">
      <UniqueIdentifier>{84FCDA5A-D129-D487-E8F7-2E134621BDC8}</UniqueIdentifier>
    </Filter>
    <Filter Include="$(OutDir)">
      <UniqueIdentifier>{ECA95933-7FA6-5798-4EC4-C0CAC6DD34DE}</UniqueIdentifier>
    </Filter>
    <Filter Include="$(OutDir)">
      <UniqueIdentifier>{ECA95933-7FA6-5798-4EC4-C0CAC6DD34DE}</UniqueIdentifier>
    </Filter>
    <Filter Include="$(OutDir)">
      <UniqueIdentifier>{ECA95933-7FA6-5798-4EC4-C0CAC6DD34DE}</UniqueIdentifier>
    </Filter>
    <Filter Include="$(OutDir)">
      <UniqueIdentifier>{ECA95933-7FA6-5798-4EC4-C0CAC6DD34DE}</UniqueIdentifier>
    </Filter>
    <Filter Include="$(OutDir)">
      <UniqueIdentifier>{ECA95933-7FA6-5798-4EC4-C0CAC6DD34DE}</UniqueIdentifier>
    </Filter>
    <Filter Include="$(OutDir)">
      <UniqueIdentifier>{ECA95933-7FA6-5798-4EC4-C0CAC6DD34DE}</UniqueIdentifier>
    </Filter>
    <Filter Include="$(OutDir)">
      <UniqueIdentifier>{ECA95933-7FA6-5798-4EC4-C0CAC6DD34DE}</UniqueIdentifier>
    </Filter>
    <Filter Include="$(OutDir)">
      <UniqueIdentifier>{ECA95933-7FA6-5798-4EC4-C0CAC6DD34DE}</UniqueIdentifier>
    </Filter>
    <Filter Include="$(OutDir)">
      <UniqueIdentifier>{ECA95933-7FA6-5798-4EC4-C0CAC6DD34DE}</UniqueIdentifier>
    </Filter>
    <Filter Include="$(OutDir)">
      <UniqueIdentifier>{ECA95933-7FA6-5798-4EC4-C0CAC6DD34DE}</UniqueIdentifier>
    </Filter>
    <Filter Include="$(OutDir)">
      <UniqueIdentifier>{ECA95933-7FA6-5798-4EC4-C0CAC6DD34DE}</UniqueIdentifier>
    </Filter>
    <Filter Include="$(OutDir)">
      <UniqueIdentifier>{ECA95933-7FA6-5798-4EC4-C0CAC6DD34DE}</UniqueIdentifier>
    </Filter>
    <Filter Include="$(OutDir)">
      <UniqueIdentifier>{ECA95933-7FA6-5798-4EC4-C0CAC6DD34DE}</UniqueIdentifier>
    </Filter>
    <Filter Include="$(OutDir)">
      <UniqueIdentifier>{ECA95933-7FA6-5798-4EC4-C0CAC6DD34DE}</UniqueIdentifier>
    </Filter>
    <Filter Include="$(OutDir)">
      <UniqueIdentifier>{ECA95933-7FA6-5798-4EC4-C0CAC6DD34DE}</UniqueIdentifier>
    </Filter>
    <Filter Include="$(OutDir)">
      <UniqueIdentifier>{ECA95933-7FA6-5798-4EC4-C0CAC6DD34DE}</UniqueIdentifier>
    </Filter>
    <Filter Include="$(OutDir)">
      <UniqueIdentifier>{ECA95933-7FA6-5798-4EC4-C0CAC6DD34DE}</UniqueIdentifier>
    </Filter>
    <Filter Include="$(OutDir)">
      <UniqueIdentifier>{ECA95933-7FA6-5798-4EC4-C0CAC6DD34DE}</UniqueIdentifier>
    </Filter>
    <Filter Include="$(OutDir)">
      <UniqueIdentifier>{ECA95933-7FA6-5798-4EC4-C0CAC6DD34DE}</UniqueIdentifier>
    </Filter>
    <Filter Include="$(OutDir)">
      <UniqueIdentifier>{ECA95933-7FA6-5798-4EC4-C0CAC6DD34DE}</UniqueIdentifier>
    </Filter>
    <Filter Include="$(OutDir)">
      <UniqueIdentifier>{ECA95933-7FA6-5798-4EC4-C0CAC6DD34DE}</UniqueIdentifier>
    </Filter>
  </ItemGroup>
  <ItemGroup>
    <None Include="..\..\livecode.gyp">
      <Filter>..\..</Filter>
    </None>
    <None Include="$(OutDir)\standalone-community.exe">
      <Filter>$(OutDir)</Filter>
    </None>
    <None Include="$(OutDir)\libbrowser-cefprocess.exe">
      <Filter>$(OutDir)</Filter>
    </None>
    <None Include="$(OutDir)\lc-compile.exe">
      <Filter>$(OutDir)</Filter>
    </None>
    <None Include="$(OutDir)\lc-compile-ffi-java.exe">
      <Filter>$(OutDir)</Filter>
    </None>
    <None Include="$(OutDir)\lc-run.exe">
      <Filter>$(OutDir)</Filter>
    </None>
    <None Include="$(OutDir)\server-community.exe">
      <Filter>$(OutDir)</Filter>
    </None>
    <None Include="$(OutDir)\server-revzip.dll">
      <Filter>$(OutDir)</Filter>
    </None>
    <None Include="$(OutDir)\server-revxml.dll">
      <Filter>$(OutDir)</Filter>
    </None>
    <None Include="$(OutDir)\HyperXTalk.exe">
      <Filter>$(OutDir)</Filter>
    </None>
    <None Include="$(OutDir)\revsecurity.dll">
      <Filter>$(OutDir)</Filter>
    </None>
    <None Include="$(OutDir)\revpdfprinter.dll">
      <Filter>$(OutDir)</Filter>
    </None>
    <None Include="$(OutDir)\installer.exe">
      <Filter>$(OutDir)</Filter>
    </None>
    <None Include="$(OutDir)\revbrowser.dll">
      <Filter>$(OutDir)</Filter>
    </None>
    <None Include="$(OutDir)\revbrowser-cefprocess.exe">
      <Filter>$(OutDir)</Filter>
    </None>
    <None Include="$(OutDir)\dbodbc.dll">
      <Filter>$(OutDir)</Filter>
    </None>
    <None Include="$(OutDir)\dbpostgresql.dll">
      <Filter>$(OutDir)</Filter>
    </None>
    <None Include="$(OutDir)\revspeech.dll">
      <Filter>$(OutDir)</Filter>
    </None>
    <None Include="$(OutDir)\server-revdb.dll">
      <Filter>$(OutDir)</Filter>
    </None>
    <None Include="..\..\engine\rsrc\w32-manifest-template.xml">
      <Filter>..\..\engine\rsrc</Filter>
    </None>
    <None Include="..\..\engine\rsrc\w32-manifest-template-dpiaware.xml">
      <Filter>..\..\engine\rsrc</Filter>
    </None>
    <None Include="..\..\engine\rsrc\w32-manifest-template-trustinfo.xml">
      <Filter>..\..\engine\rsrc</Filter>
    </None>
    <None Include="$(OutDir)\Externals">
      <Filter>$(OutDir)</Filter>
    </None>
    <None Include="$(OutDir)\modules">
      <Filter>$(OutDir)</Filter>
    </None>
    <None Include="$(OutDir)\packaged_extensions">
      <Filter>$(OutDir)</Filter>
    </None>
    <None Include="$(OutDir)\standalone-community.pdb">
      <Filter>$(OutDir)</Filter>
    </None>
    <None Include="$(OutDir)\libbrowser-cefprocess.pdb">
      <Filter>$(OutDir)</Filter>
    </None>
    <None Include="$(OutDir)\lc-compile.pdb">
      <Filter>$(OutDir)</Filter>
    </None>
    <None Include="$(OutDir)\lc-compile-ffi-java.pdb">
      <Filter>$(OutDir)</Filter>
    </None>
    <None Include="$(OutDir)\lc-run.pdb">
      <Filter>$(OutDir)</Filter>
    </None>
    <None Include="$(OutDir)\server-community.pdb">
      <Filter>$(OutDir)</Filter>
    </None>
    <None Include="$(OutDir)\server-revzip.pdb">
      <Filter>$(OutDir)</Filter>
    </None>
    <None Include="$(OutDir)\server-revxml.pdb">
      <Filter>$(OutDir)</Filter>
    </None>
    <None Include="$(OutDir)\HyperXTalk.pdb">
      <Filter>$(OutDir)</Filter>
    </None>
    <None Include="$(OutDir)\revsecurity.pdb">
      <Filter>$(OutDir)</Filter>
    </None>
    <None Include="$(OutDir)\revpdfprinter.pdb">
      <Filter>$(OutDir)</Filter>
    </None>
    <None Include="$(OutDir)\installer.pdb">
      <Filter>$(OutDir)</Filter>
    </None>
    <None Include="$(OutDir)\revbrowser.pdb">
      <Filter>$(OutDir)</Filter>
    </None>
    <None Include="$(OutDir)\revbrowser-cefprocess.pdb">
      <Filter>$(OutDir)</Filter>
    </None>
    <None Include="$(OutDir)\dbodbc.pdb">
      <Filter>$(OutDir)</Filter>
    </None>
    <None Include="$(OutDir)\dbpostgresql.pdb">
      <Filter>$(OutDir)</Filter>
    </None>
    <None Include="$(OutDir)\revspeech.pdb">
      <Filter>$(OutDir)</Filter>
    </None>
    <None Include="$(OutDir)\server-revdb.pdb">
      <Filter>$(OutDir)</Filter>
    </None>
  </ItemGroup>
</Project>
