<?xml version="1.0" encoding="utf-8"?>
<Project ToolsVersion="4.0" xmlns="http://schemas.microsoft.com/developer/msbuild/2003">
  <ItemGroup>
    <Filter Include="..">
      <UniqueIdentifier>{739DB09A-CC57-A953-A6CF-F64FA08E4FA7}</UniqueIdentifier>
    </Filter>
    <Filter Include="..\..">
      <UniqueIdentifier>{739DB09A-CC57-A953-A6CF-F64FA08E4FA7}</UniqueIdentifier>
    </Filter>
    <Filter Include="$(OutDir)">
      <UniqueIdentifier>{ECA95933-7FA6-5798-4EC4-C0CAC6DD34DE}</UniqueIdentifier>
    </Filter>
    <Filter Include="$(OutDir)\_excluded_files">
      <UniqueIdentifier>{158E591E-B6EA-0C85-8F5A-18EAFA09B4CE}</UniqueIdentifier>
    </Filter>
    <Filter Include="$(OutDir)">
      <UniqueIdentifier>{ECA95933-7FA6-5798-4EC4-C0CAC6DD34DE}</UniqueIdentifier>
    </Filter>
    <Filter Include="$(OutDir)\_excluded_files">
      <UniqueIdentifier>{158E591E-B6EA-0C85-8F5A-18EAFA09B4CE}</UniqueIdentifier>
    </Filter>
    <Filter Include="$(OutDir)">
      <UniqueIdentifier>{ECA95933-7FA6-5798-4EC4-C0CAC6DD34DE}</UniqueIdentifier>
    </Filter>
    <Filter Include="$(OutDir)\_excluded_files">
      <UniqueIdentifier>{158E591E-B6EA-0C85-8F5A-18EAFA09B4CE}</UniqueIdentifier>
    </Filter>
    <Filter Include="$(OutDir)">
      <UniqueIdentifier>{ECA95933-7FA6-5798-4EC4-C0CAC6DD34DE}</UniqueIdentifier>
    </Filter>
    <Filter Include="$(OutDir)\_excluded_files">
      <UniqueIdentifier>{158E591E-B6EA-0C85-8F5A-18EAFA09B4CE}</UniqueIdentifier>
    </Filter>
    <Filter Include="$(OutDir)">
      <UniqueIdentifier>{ECA95933-7FA6-5798-4EC4-C0CAC6DD34DE}</UniqueIdentifier>
    </Filter>
    <Filter Include="$(OutDir)\_excluded_files">
      <UniqueIdentifier>{158E591E-B6EA-0C85-8F5A-18EAFA09B4CE}</UniqueIdentifier>
    </Filter>
    <Filter Include="$(OutDir)">
      <UniqueIdentifier>{ECA95933-7FA6-5798-4EC4-C0CAC6DD34DE}</UniqueIdentifier>
    </Filter>
    <Filter Include="$(OutDir)\_excluded_files">
      <UniqueIdentifier>{158E591E-B6EA-0C85-8F5A-18EAFA09B4CE}</UniqueIdentifier>
    </Filter>
    <Filter Include="$(OutDir)">
      <UniqueIdentifier>{ECA95933-7FA6-5798-4EC4-C0CAC6DD34DE}</UniqueIdentifier>
    </Filter>
    <Filter Include="$(OutDir)\_excluded_files">
      <UniqueIdentifier>{158E591E-B6EA-0C85-8F5A-18EAFA09B4CE}</UniqueIdentifier>
    </Filter>
    <Filter Include="$(OutDir)">
      <UniqueIdentifier>{ECA95933-7FA6-5798-4EC4-C0CAC6DD34DE}</UniqueIdentifier>
    </Filter>
    <Filter Include="$(OutDir)\_excluded_files">
      <UniqueIdentifier>{158E591E-B6EA-0C85-8F5A-18EAFA09B4CE}</UniqueIdentifier>
    </Filter>
    <Filter Include="$(OutDir)">
      <UniqueIdentifier>{ECA95933-7FA6-5798-4EC4-C0CAC6DD34DE}</UniqueIdentifier>
    </Filter>
    <Filter Include="$(OutDir)\_excluded_files">
      <UniqueIdentifier>{158E591E-B6EA-0C85-8F5A-18EAFA09B4CE}</UniqueIdentifier>
    </Filter>
    <Filter Include="$(OutDir)">
      <UniqueIdentifier>{ECA95933-7FA6-5798-4EC4-C0CAC6DD34DE}</UniqueIdentifier>
    </Filter>
    <Filter Include="$(OutDir)\_excluded_files">
      <UniqueIdentifier>{158E591E-B6EA-0C85-8F5A-18EAFA09B4CE}</UniqueIdentifier>
    </Filter>
    <Filter Include="$(OutDir)">
      <UniqueIdentifier>{ECA95933-7FA6-5798-4EC4-C0CAC6DD34DE}</UniqueIdentifier>
    </Filter>
    <Filter Include="$(OutDir)\_excluded_files">
      <UniqueIdentifier>{158E591E-B6EA-0C85-8F5A-18EAFA09B4CE}</UniqueIdentifier>
    </Filter>
    <Filter Include="$(OutDir)">
      <UniqueIdentifier>{ECA95933-7FA6-5798-4EC4-C0CAC6DD34DE}</UniqueIdentifier>
    </Filter>
    <Filter Include="$(OutDir)\_excluded_files">
      <UniqueIdentifier>{158E591E-B6EA-0C85-8F5A-18EAFA09B4CE}</UniqueIdentifier>
    </Filter>
    <Filter Include="$(OutDir)">
      <UniqueIdentifier>{ECA95933-7FA6-5798-4EC4-C0CAC6DD34DE}</UniqueIdentifier>
    </Filter>
    <Filter Include="$(OutDir)\_excluded_files">
      <UniqueIdentifier>{158E591E-B6EA-0C85-8F5A-18EAFA09B4CE}</UniqueIdentifier>
    </Filter>
    <Filter Include="$(OutDir)">
      <UniqueIdentifier>{ECA95933-7FA6-5798-4EC4-C0CAC6DD34DE}</UniqueIdentifier>
    </Filter>
    <Filter Include="$(OutDir)\_excluded_files">
      <UniqueIdentifier>{158E591E-B6EA-0C85-8F5A-18EAFA09B4CE}</UniqueIdentifier>
    </Filter>
    <Filter Include="$(OutDir)">
      <UniqueIdentifier>{ECA95933-7FA6-5798-4EC4-C0CAC6DD34DE}</UniqueIdentifier>
    </Filter>
    <Filter Include="$(OutDir)\_excluded_files">
      <UniqueIdentifier>{158E591E-B6EA-0C85-8F5A-18EAFA09B4CE}</UniqueIdentifier>
    </Filter>
    <Filter Include="$(OutDir)">
      <UniqueIdentifier>{ECA95933-7FA6-5798-4EC4-C0CAC6DD34DE}</UniqueIdentifier>
    </Filter>
    <Filter Include="$(OutDir)\_excluded_files">
      <UniqueIdentifier>{158E591E-B6EA-0C85-8F5A-18EAFA09B4CE}</UniqueIdentifier>
    </Filter>
    <Filter Include="$(OutDir)">
      <UniqueIdentifier>{ECA95933-7FA6-5798-4EC4-C0CAC6DD34DE}</UniqueIdentifier>
    </Filter>
    <Filter Include="$(OutDir)\_excluded_files">
      <UniqueIdentifier>{158E591E-B6EA-0C85-8F5A-18EAFA09B4CE}</UniqueIdentifier>
    </Filter>
    <Filter Include="$(OutDir)">
      <UniqueIdentifier>{ECA95933-7FA6-5798-4EC4-C0CAC6DD34DE}</UniqueIdentifier>
    </Filter>
    <Filter Include="$(OutDir)\_excluded_files">
      <UniqueIdentifier>{158E591E-B6EA-0C85-8F5A-18EAFA09B4CE}</UniqueIdentifier>
    </Filter>
  </ItemGroup>
  <ItemGroup>
    <None Include="..\..\livecode.gyp">
      <Filter>..\..</Filter>
    </None>
    <None Include="$(OutDir)\standalone-community.exe">
      <Filter>$(OutDir)\_excluded_files</Filter>
    </None>
    <None Include="$(OutDir)\libbrowser-cefprocess.exe">
      <Filter>$(OutDir)\_excluded_files</Filter>
    </None>
    <None Include="$(OutDir)\lc-compile.exe">
      <Filter>$(OutDir)\_excluded_files</Filter>
    </None>
    <None Include="$(OutDir)\lc-compile-ffi-java.exe">
      <Filter>$(OutDir)\_excluded_files</Filter>
    </None>
    <None Include="$(OutDir)\lc-run.exe">
      <Filter>$(OutDir)\_excluded_files</Filter>
    </None>
    <None Include="$(OutDir)\server-community.exe">
      <Filter>$(OutDir)\_excluded_files</Filter>
    </None>
    <None Include="$(OutDir)\server-revzip.dll">
      <Filter>$(OutDir)\_excluded_files</Filter>
    </None>
    <None Include="$(OutDir)\server-revxml.dll">
      <Filter>$(OutDir)\_excluded_files</Filter>
    </None>
    <None Include="$(OutDir)\HyperXTalk.exe">
      <Filter>$(OutDir)\_excluded_files</Filter>
    </None>
    <None Include="$(OutDir)\revsecurity.dll">
      <Filter>$(OutDir)\_excluded_files</Filter>
    </None>
    <None Include="$(OutDir)\revpdfprinter.dll">
      <Filter>$(OutDir)\_excluded_files</Filter>
    </None>
    <None Include="$(OutDir)\installer.exe">
      <Filter>$(OutDir)\_excluded_files</Filter>
    </None>
    <None Include="$(OutDir)\revbrowser.dll">
      <Filter>$(OutDir)\_excluded_files</Filter>
    </None>
    <None Include="$(OutDir)\revbrowser-cefprocess.exe">
      <Filter>$(OutDir)\_excluded_files</Filter>
    </None>
    <None Include="$(OutDir)\dbodbc.dll">
      <Filter>$(OutDir)\_excluded_files</Filter>
    </None>
    <None Include="$(OutDir)\dbpostgresql.dll">
      <Filter>$(OutDir)\_excluded_files</Filter>
    </None>
    <None Include="$(OutDir)\revspeech.dll">
      <Filter>$(OutDir)\_excluded_files</Filter>
    </None>
    <None Include="$(OutDir)\server-revdb.dll">
      <Filter>$(OutDir)\_excluded_files</Filter>
    </None>
  </ItemGroup>
</Project>
