<?xml version="1.0" encoding="utf-8"?>
<Project ToolsVersion="4.0" xmlns="http://schemas.microsoft.com/developer/msbuild/2003">
  <ItemGroup>
    <Filter Include="..">
      <UniqueIdentifier>{739DB09A-CC57-A953-A6CF-F64FA08E4FA7}</UniqueIdentifier>
    </Filter>
    <Filter Include="..\..">
      <UniqueIdentifier>{739DB09A-CC57-A953-A6CF-F64FA08E4FA7}</UniqueIdentifier>
    </Filter>
    <Filter Include="..\..\..">
      <UniqueIdentifier>{739DB09A-CC57-A953-A6CF-F64FA08E4FA7}</UniqueIdentifier>
    </Filter>
    <Filter Include="..\..\..\..">
      <UniqueIdentifier>{739DB09A-CC57-A953-A6CF-F64FA08E4FA7}</UniqueIdentifier>
    </Filter>
    <Filter Include="..\..\..\..\..">
      <UniqueIdentifier>{739DB09A-CC57-A953-A6CF-F64FA08E4FA7}</UniqueIdentifier>
    </Filter>
    <Filter Include="..\..\..\..\..\toolchain">
      <UniqueIdentifier>{A1380BF2-B2E4-A638-7882-599BD9BAE887}</UniqueIdentifier>
    </Filter>
    <Filter Include="..\..\..\..\..\toolchain\lc-compile-ffi-java">
      <UniqueIdentifier>{5B4EF327-B4A5-5DC6-632A-95CBDC4A2156}</UniqueIdentifier>
    </Filter>
    <Filter Include="..\..\..\..\..\toolchain\lc-compile-ffi-java\src">
      <UniqueIdentifier>{8CDEE807-BC53-E450-C8B8-4DEBB66742D4}</UniqueIdentifier>
    </Filter>
    <Filter Include="..">
      <UniqueIdentifier>{739DB09A-CC57-A953-A6CF-F64FA08E4FA7}</UniqueIdentifier>
    </Filter>
    <Filter Include="..\..">
      <UniqueIdentifier>{739DB09A-CC57-A953-A6CF-F64FA08E4FA7}</UniqueIdentifier>
    </Filter>
    <Filter Include="..\..\..">
      <UniqueIdentifier>{739DB09A-CC57-A953-A6CF-F64FA08E4FA7}</UniqueIdentifier>
    </Filter>
    <Filter Include="..\..\..\..">
      <UniqueIdentifier>{739DB09A-CC57-A953-A6CF-F64FA08E4FA7}</UniqueIdentifier>
    </Filter>
    <Filter Include="..\..\..\..\..">
      <UniqueIdentifier>{739DB09A-CC57-A953-A6CF-F64FA08E4FA7}</UniqueIdentifier>
    </Filter>
    <Filter Include="..\..\..\..\..\toolchain">
      <UniqueIdentifier>{A1380BF2-B2E4-A638-7882-599BD9BAE887}</UniqueIdentifier>
    </Filter>
    <Filter Include="..\..\..\..\..\toolchain\lc-compile-ffi-java">
      <UniqueIdentifier>{5B4EF327-B4A5-5DC6-632A-95CBDC4A2156}</UniqueIdentifier>
    </Filter>
    <Filter Include="..\..\..\..\..\toolchain\lc-compile-ffi-java\src">
      <UniqueIdentifier>{8CDEE807-BC53-E450-C8B8-4DEBB66742D4}</UniqueIdentifier>
    </Filter>
    <Filter Include="..">
      <UniqueIdentifier>{739DB09A-CC57-A953-A6CF-F64FA08E4FA7}</UniqueIdentifier>
    </Filter>
    <Filter Include="..\..">
      <UniqueIdentifier>{739DB09A-CC57-A953-A6CF-F64FA08E4FA7}</UniqueIdentifier>
    </Filter>
    <Filter Include="..\..\..">
      <UniqueIdentifier>{739DB09A-CC57-A953-A6CF-F64FA08E4FA7}</UniqueIdentifier>
    </Filter>
    <Filter Include="..\..\..\..">
      <UniqueIdentifier>{739DB09A-CC57-A953-A6CF-F64FA08E4FA7}</UniqueIdentifier>
    </Filter>
    <Filter Include="..\..\..\..\..">
      <UniqueIdentifier>{739DB09A-CC57-A953-A6CF-F64FA08E4FA7}</UniqueIdentifier>
    </Filter>
    <Filter Include="..\..\..\..\..\toolchain">
      <UniqueIdentifier>{A1380BF2-B2E4-A638-7882-599BD9BAE887}</UniqueIdentifier>
    </Filter>
    <Filter Include="..\..\..\..\..\toolchain\lc-compile-ffi-java">
      <UniqueIdentifier>{5B4EF327-B4A5-5DC6-632A-95CBDC4A2156}</UniqueIdentifier>
    </Filter>
    <Filter Include="..\..\..\..\..\toolchain\lc-compile-ffi-java\src">
      <UniqueIdentifier>{8CDEE807-BC53-E450-C8B8-4DEBB66742D4}</UniqueIdentifier>
    </Filter>
    <Filter Include="..">
      <UniqueIdentifier>{739DB09A-CC57-A953-A6CF-F64FA08E4FA7}</UniqueIdentifier>
    </Filter>
    <Filter Include="..\..">
      <UniqueIdentifier>{739DB09A-CC57-A953-A6CF-F64FA08E4FA7}</UniqueIdentifier>
    </Filter>
    <Filter Include="..\..\..">
      <UniqueIdentifier>{739DB09A-CC57-A953-A6CF-F64FA08E4FA7}</UniqueIdentifier>
    </Filter>
    <Filter Include="..\..\..\..">
      <UniqueIdentifier>{739DB09A-CC57-A953-A6CF-F64FA08E4FA7}</UniqueIdentifier>
    </Filter>
    <Filter Include="..\..\..\..\..">
      <UniqueIdentifier>{739DB09A-CC57-A953-A6CF-F64FA08E4FA7}</UniqueIdentifier>
    </Filter>
    <Filter Include="..\..\..\..\..\toolchain">
      <UniqueIdentifier>{A1380BF2-B2E4-A638-7882-599BD9BAE887}</UniqueIdentifier>
    </Filter>
    <Filter Include="..\..\..\..\..\toolchain\lc-compile-ffi-java">
      <UniqueIdentifier>{5B4EF327-B4A5-5DC6-632A-95CBDC4A2156}</UniqueIdentifier>
    </Filter>
    <Filter Include="..\..\..\..\..\toolchain\lc-compile-ffi-java\src">
      <UniqueIdentifier>{8CDEE807-BC53-E450-C8B8-4DEBB66742D4}</UniqueIdentifier>
    </Filter>
    <Filter Include="..">
      <UniqueIdentifier>{739DB09A-CC57-A953-A6CF-F64FA08E4FA7}</UniqueIdentifier>
    </Filter>
    <Filter Include="..\..">
      <UniqueIdentifier>{739DB09A-CC57-A953-A6CF-F64FA08E4FA7}</UniqueIdentifier>
    </Filter>
    <Filter Include="..\..\..">
      <UniqueIdentifier>{739DB09A-CC57-A953-A6CF-F64FA08E4FA7}</UniqueIdentifier>
    </Filter>
    <Filter Include="..\..\..\..">
      <UniqueIdentifier>{739DB09A-CC57-A953-A6CF-F64FA08E4FA7}</UniqueIdentifier>
    </Filter>
    <Filter Include="..\..\..\..\..">
      <UniqueIdentifier>{739DB09A-CC57-A953-A6CF-F64FA08E4FA7}</UniqueIdentifier>
    </Filter>
    <Filter Include="..\..\..\..\..\toolchain">
      <UniqueIdentifier>{A1380BF2-B2E4-A638-7882-599BD9BAE887}</UniqueIdentifier>
    </Filter>
    <Filter Include="..\..\..\..\..\toolchain\lc-compile-ffi-java">
      <UniqueIdentifier>{5B4EF327-B4A5-5DC6-632A-95CBDC4A2156}</UniqueIdentifier>
    </Filter>
    <Filter Include="..\..\..\..\..\toolchain\lc-compile-ffi-java\src">
      <UniqueIdentifier>{8CDEE807-BC53-E450-C8B8-4DEBB66742D4}</UniqueIdentifier>
    </Filter>
    <Filter Include="..">
      <UniqueIdentifier>{739DB09A-CC57-A953-A6CF-F64FA08E4FA7}</UniqueIdentifier>
    </Filter>
    <Filter Include="..\..">
      <UniqueIdentifier>{739DB09A-CC57-A953-A6CF-F64FA08E4FA7}</UniqueIdentifier>
    </Filter>
    <Filter Include="..\..\..">
      <UniqueIdentifier>{739DB09A-CC57-A953-A6CF-F64FA08E4FA7}</UniqueIdentifier>
    </Filter>
    <Filter Include="..\..\..\..">
      <UniqueIdentifier>{739DB09A-CC57-A953-A6CF-F64FA08E4FA7}</UniqueIdentifier>
    </Filter>
    <Filter Include="..\..\..\..\..">
      <UniqueIdentifier>{739DB09A-CC57-A953-A6CF-F64FA08E4FA7}</UniqueIdentifier>
    </Filter>
    <Filter Include="..\..\..\..\..\toolchain">
      <UniqueIdentifier>{A1380BF2-B2E4-A638-7882-599BD9BAE887}</UniqueIdentifier>
    </Filter>
    <Filter Include="..\..\..\..\..\toolchain\lc-compile-ffi-java">
      <UniqueIdentifier>{5B4EF327-B4A5-5DC6-632A-95CBDC4A2156}</UniqueIdentifier>
    </Filter>
    <Filter Include="..\..\..\..\..\toolchain\lc-compile-ffi-java\src">
      <UniqueIdentifier>{8CDEE807-BC53-E450-C8B8-4DEBB66742D4}</UniqueIdentifier>
    </Filter>
    <Filter Include="$(IntDir)">
      <UniqueIdentifier>{2385D4EB-CAEB-D33E-59EB-C687F571392E}</UniqueIdentifier>
    </Filter>
    <Filter Include="$(IntDir)">
      <UniqueIdentifier>{2385D4EB-CAEB-D33E-59EB-C687F571392E}</UniqueIdentifier>
    </Filter>
    <Filter Include="..">
      <UniqueIdentifier>{739DB09A-CC57-A953-A6CF-F64FA08E4FA7}</UniqueIdentifier>
    </Filter>
    <Filter Include="..\..">
      <UniqueIdentifier>{739DB09A-CC57-A953-A6CF-F64FA08E4FA7}</UniqueIdentifier>
    </Filter>
    <Filter Include="..\..\..">
      <UniqueIdentifier>{739DB09A-CC57-A953-A6CF-F64FA08E4FA7}</UniqueIdentifier>
    </Filter>
    <Filter Include="..\..\..\..">
      <UniqueIdentifier>{739DB09A-CC57-A953-A6CF-F64FA08E4FA7}</UniqueIdentifier>
    </Filter>
    <Filter Include="..\..\..\..\..">
      <UniqueIdentifier>{739DB09A-CC57-A953-A6CF-F64FA08E4FA7}</UniqueIdentifier>
    </Filter>
    <Filter Include="..\..\..\..\..\toolchain">
      <UniqueIdentifier>{A1380BF2-B2E4-A638-7882-599BD9BAE887}</UniqueIdentifier>
    </Filter>
    <Filter Include="..\..\..\..\..\toolchain\lc-compile-ffi-java">
      <UniqueIdentifier>{5B4EF327-B4A5-5DC6-632A-95CBDC4A2156}</UniqueIdentifier>
    </Filter>
    <Filter Include="..\..\..\..\..\toolchain\lc-compile-ffi-java\src">
      <UniqueIdentifier>{8CDEE807-BC53-E450-C8B8-4DEBB66742D4}</UniqueIdentifier>
    </Filter>
    <Filter Include="..">
      <UniqueIdentifier>{739DB09A-CC57-A953-A6CF-F64FA08E4FA7}</UniqueIdentifier>
    </Filter>
    <Filter Include="..\..">
      <UniqueIdentifier>{739DB09A-CC57-A953-A6CF-F64FA08E4FA7}</UniqueIdentifier>
    </Filter>
    <Filter Include="..\..\..">
      <UniqueIdentifier>{739DB09A-CC57-A953-A6CF-F64FA08E4FA7}</UniqueIdentifier>
    </Filter>
    <Filter Include="..\..\..\..">
      <UniqueIdentifier>{739DB09A-CC57-A953-A6CF-F64FA08E4FA7}</UniqueIdentifier>
    </Filter>
    <Filter Include="..\..\..\..\..">
      <UniqueIdentifier>{739DB09A-CC57-A953-A6CF-F64FA08E4FA7}</UniqueIdentifier>
    </Filter>
    <Filter Include="..\..\..\..\..\toolchain">
      <UniqueIdentifier>{A1380BF2-B2E4-A638-7882-599BD9BAE887}</UniqueIdentifier>
    </Filter>
    <Filter Include="..\..\..\..\..\toolchain\lc-compile-ffi-java">
      <UniqueIdentifier>{5B4EF327-B4A5-5DC6-632A-95CBDC4A2156}</UniqueIdentifier>
    </Filter>
    <Filter Include="..\..\..\..\..\toolchain\lc-compile-ffi-java\src">
      <UniqueIdentifier>{8CDEE807-BC53-E450-C8B8-4DEBB66742D4}</UniqueIdentifier>
    </Filter>
    <Filter Include="..">
      <UniqueIdentifier>{739DB09A-CC57-A953-A6CF-F64FA08E4FA7}</UniqueIdentifier>
    </Filter>
    <Filter Include="..\..">
      <UniqueIdentifier>{739DB09A-CC57-A953-A6CF-F64FA08E4FA7}</UniqueIdentifier>
    </Filter>
    <Filter Include="..\..\..">
      <UniqueIdentifier>{739DB09A-CC57-A953-A6CF-F64FA08E4FA7}</UniqueIdentifier>
    </Filter>
    <Filter Include="..\..\..\..">
      <UniqueIdentifier>{739DB09A-CC57-A953-A6CF-F64FA08E4FA7}</UniqueIdentifier>
    </Filter>
    <Filter Include="..\..\..\..\..">
      <UniqueIdentifier>{739DB09A-CC57-A953-A6CF-F64FA08E4FA7}</UniqueIdentifier>
    </Filter>
    <Filter Include="..\..\..\..\..\toolchain">
      <UniqueIdentifier>{A1380BF2-B2E4-A638-7882-599BD9BAE887}</UniqueIdentifier>
    </Filter>
    <Filter Include="..\..\..\..\..\toolchain\lc-compile-ffi-java">
      <UniqueIdentifier>{5B4EF327-B4A5-5DC6-632A-95CBDC4A2156}</UniqueIdentifier>
    </Filter>
    <Filter Include="..\..\..\..\..\toolchain\lc-compile-ffi-java\src">
      <UniqueIdentifier>{8CDEE807-BC53-E450-C8B8-4DEBB66742D4}</UniqueIdentifier>
    </Filter>
    <Filter Include="..\..\..\..\..\toolchain\lc-compile-ffi-java\src\_excluded_files">
      <UniqueIdentifier>{158E591E-B6EA-0C85-8F5A-18EAFA09B4CE}</UniqueIdentifier>
    </Filter>
    <Filter Include="$(IntDir)">
      <UniqueIdentifier>{2385D4EB-CAEB-D33E-59EB-C687F571392E}</UniqueIdentifier>
    </Filter>
    <Filter Include="$(IntDir)\_excluded_files">
      <UniqueIdentifier>{158E591E-B6EA-0C85-8F5A-18EAFA09B4CE}</UniqueIdentifier>
    </Filter>
    <Filter Include="$(IntDir)">
      <UniqueIdentifier>{2385D4EB-CAEB-D33E-59EB-C687F571392E}</UniqueIdentifier>
    </Filter>
    <Filter Include="$(IntDir)\_excluded_files">
      <UniqueIdentifier>{158E591E-B6EA-0C85-8F5A-18EAFA09B4CE}</UniqueIdentifier>
    </Filter>
    <Filter Include="$(IntDir)">
      <UniqueIdentifier>{2385D4EB-CAEB-D33E-59EB-C687F571392E}</UniqueIdentifier>
    </Filter>
    <Filter Include="$(IntDir)">
      <UniqueIdentifier>{2385D4EB-CAEB-D33E-59EB-C687F571392E}</UniqueIdentifier>
    </Filter>
    <Filter Include="..">
      <UniqueIdentifier>{739DB09A-CC57-A953-A6CF-F64FA08E4FA7}</UniqueIdentifier>
    </Filter>
    <Filter Include="..\..">
      <UniqueIdentifier>{739DB09A-CC57-A953-A6CF-F64FA08E4FA7}</UniqueIdentifier>
    </Filter>
    <Filter Include="..\..\..">
      <UniqueIdentifier>{739DB09A-CC57-A953-A6CF-F64FA08E4FA7}</UniqueIdentifier>
    </Filter>
    <Filter Include="..\..\..\..">
      <UniqueIdentifier>{739DB09A-CC57-A953-A6CF-F64FA08E4FA7}</UniqueIdentifier>
    </Filter>
    <Filter Include="..\..\..\..\..">
      <UniqueIdentifier>{739DB09A-CC57-A953-A6CF-F64FA08E4FA7}</UniqueIdentifier>
    </Filter>
    <Filter Include="..\..\..\..\..\toolchain">
      <UniqueIdentifier>{A1380BF2-B2E4-A638-7882-599BD9BAE887}</UniqueIdentifier>
    </Filter>
    <Filter Include="..\..\..\..\..\toolchain\lc-compile-ffi-java">
      <UniqueIdentifier>{5B4EF327-B4A5-5DC6-632A-95CBDC4A2156}</UniqueIdentifier>
    </Filter>
    <Filter Include="..\..\..\..\..\toolchain\lc-compile-ffi-java\src">
      <UniqueIdentifier>{8CDEE807-BC53-E450-C8B8-4DEBB66742D4}</UniqueIdentifier>
    </Filter>
    <Filter Include="..\..\..\..\..\toolchain\lc-compile-ffi-java\src\_excluded_files">
      <UniqueIdentifier>{158E591E-B6EA-0C85-8F5A-18EAFA09B4CE}</UniqueIdentifier>
    </Filter>
    <Filter Include="..">
      <UniqueIdentifier>{739DB09A-CC57-A953-A6CF-F64FA08E4FA7}</UniqueIdentifier>
    </Filter>
    <Filter Include="..\..">
      <UniqueIdentifier>{739DB09A-CC57-A953-A6CF-F64FA08E4FA7}</UniqueIdentifier>
    </Filter>
    <Filter Include="..\..\..">
      <UniqueIdentifier>{739DB09A-CC57-A953-A6CF-F64FA08E4FA7}</UniqueIdentifier>
    </Filter>
    <Filter Include="..\..\..\..">
      <UniqueIdentifier>{739DB09A-CC57-A953-A6CF-F64FA08E4FA7}</UniqueIdentifier>
    </Filter>
    <Filter Include="..\..\..\..\..">
      <UniqueIdentifier>{739DB09A-CC57-A953-A6CF-F64FA08E4FA7}</UniqueIdentifier>
    </Filter>
    <Filter Include="..\..\..\..\..\toolchain">
      <UniqueIdentifier>{A1380BF2-B2E4-A638-7882-599BD9BAE887}</UniqueIdentifier>
    </Filter>
    <Filter Include="..\..\..\..\..\toolchain\lc-compile-ffi-java">
      <UniqueIdentifier>{5B4EF327-B4A5-5DC6-632A-95CBDC4A2156}</UniqueIdentifier>
    </Filter>
    <Filter Include="..\..\..\..\..\toolchain\lc-compile-ffi-java\src">
      <UniqueIdentifier>{8CDEE807-BC53-E450-C8B8-4DEBB66742D4}</UniqueIdentifier>
    </Filter>
    <Filter Include="..\..\..\..\..\toolchain\lc-compile-ffi-java\src\_excluded_files">
      <UniqueIdentifier>{158E591E-B6EA-0C85-8F5A-18EAFA09B4CE}</UniqueIdentifier>
    </Filter>
    <Filter Include="..">
      <UniqueIdentifier>{739DB09A-CC57-A953-A6CF-F64FA08E4FA7}</UniqueIdentifier>
    </Filter>
    <Filter Include="..\..">
      <UniqueIdentifier>{739DB09A-CC57-A953-A6CF-F64FA08E4FA7}</UniqueIdentifier>
    </Filter>
    <Filter Include="..\..\..">
      <UniqueIdentifier>{739DB09A-CC57-A953-A6CF-F64FA08E4FA7}</UniqueIdentifier>
    </Filter>
    <Filter Include="..\..\..\..">
      <UniqueIdentifier>{739DB09A-CC57-A953-A6CF-F64FA08E4FA7}</UniqueIdentifier>
    </Filter>
    <Filter Include="..\..\..\..\..">
      <UniqueIdentifier>{739DB09A-CC57-A953-A6CF-F64FA08E4FA7}</UniqueIdentifier>
    </Filter>
    <Filter Include="..\..\..\..\..\toolchain">
      <UniqueIdentifier>{A1380BF2-B2E4-A638-7882-599BD9BAE887}</UniqueIdentifier>
    </Filter>
    <Filter Include="..\..\..\..\..\toolchain\lc-compile-ffi-java">
      <UniqueIdentifier>{5B4EF327-B4A5-5DC6-632A-95CBDC4A2156}</UniqueIdentifier>
    </Filter>
    <Filter Include="..\..\..\..\..\toolchain\lc-compile-ffi-java\src">
      <UniqueIdentifier>{8CDEE807-BC53-E450-C8B8-4DEBB66742D4}</UniqueIdentifier>
    </Filter>
    <Filter Include="..\..\..\..\..\toolchain\lc-compile-ffi-java\src\_excluded_files">
      <UniqueIdentifier>{158E591E-B6EA-0C85-8F5A-18EAFA09B4CE}</UniqueIdentifier>
    </Filter>
    <Filter Include="..">
      <UniqueIdentifier>{739DB09A-CC57-A953-A6CF-F64FA08E4FA7}</UniqueIdentifier>
    </Filter>
    <Filter Include="..\..">
      <UniqueIdentifier>{739DB09A-CC57-A953-A6CF-F64FA08E4FA7}</UniqueIdentifier>
    </Filter>
    <Filter Include="..\..\..">
      <UniqueIdentifier>{739DB09A-CC57-A953-A6CF-F64FA08E4FA7}</UniqueIdentifier>
    </Filter>
    <Filter Include="..\..\..\..">
      <UniqueIdentifier>{739DB09A-CC57-A953-A6CF-F64FA08E4FA7}</UniqueIdentifier>
    </Filter>
    <Filter Include="..\..\..\..\..">
      <UniqueIdentifier>{739DB09A-CC57-A953-A6CF-F64FA08E4FA7}</UniqueIdentifier>
    </Filter>
    <Filter Include="..\..\..\..\..\toolchain">
      <UniqueIdentifier>{A1380BF2-B2E4-A638-7882-599BD9BAE887}</UniqueIdentifier>
    </Filter>
    <Filter Include="..\..\..\..\..\toolchain\lc-compile-ffi-java">
      <UniqueIdentifier>{5B4EF327-B4A5-5DC6-632A-95CBDC4A2156}</UniqueIdentifier>
    </Filter>
    <Filter Include="..\..\..\..\..\toolchain\lc-compile-ffi-java\src">
      <UniqueIdentifier>{8CDEE807-BC53-E450-C8B8-4DEBB66742D4}</UniqueIdentifier>
    </Filter>
    <Filter Include="..\..\..\..\..\toolchain\lc-compile-ffi-java\src\_excluded_files">
      <UniqueIdentifier>{158E591E-B6EA-0C85-8F5A-18EAFA09B4CE}</UniqueIdentifier>
    </Filter>
    <Filter Include="..">
      <UniqueIdentifier>{739DB09A-CC57-A953-A6CF-F64FA08E4FA7}</UniqueIdentifier>
    </Filter>
    <Filter Include="..\..">
      <UniqueIdentifier>{739DB09A-CC57-A953-A6CF-F64FA08E4FA7}</UniqueIdentifier>
    </Filter>
    <Filter Include="..\..\..">
      <UniqueIdentifier>{739DB09A-CC57-A953-A6CF-F64FA08E4FA7}</UniqueIdentifier>
    </Filter>
    <Filter Include="..\..\..\..">
      <UniqueIdentifier>{739DB09A-CC57-A953-A6CF-F64FA08E4FA7}</UniqueIdentifier>
    </Filter>
    <Filter Include="..\..\..\..\..">
      <UniqueIdentifier>{739DB09A-CC57-A953-A6CF-F64FA08E4FA7}</UniqueIdentifier>
    </Filter>
    <Filter Include="..\..\..\..\..\toolchain">
      <UniqueIdentifier>{A1380BF2-B2E4-A638-7882-599BD9BAE887}</UniqueIdentifier>
    </Filter>
    <Filter Include="..\..\..\..\..\toolchain\lc-compile-ffi-java">
      <UniqueIdentifier>{5B4EF327-B4A5-5DC6-632A-95CBDC4A2156}</UniqueIdentifier>
    </Filter>
    <Filter Include="..\..\..\..\..\toolchain\lc-compile-ffi-java\src">
      <UniqueIdentifier>{8CDEE807-BC53-E450-C8B8-4DEBB66742D4}</UniqueIdentifier>
    </Filter>
    <Filter Include="..\..\..\..\..\toolchain\lc-compile-ffi-java\src\_excluded_files">
      <UniqueIdentifier>{158E591E-B6EA-0C85-8F5A-18EAFA09B4CE}</UniqueIdentifier>
    </Filter>
    <Filter Include="..">
      <UniqueIdentifier>{739DB09A-CC57-A953-A6CF-F64FA08E4FA7}</UniqueIdentifier>
    </Filter>
    <Filter Include="..\..">
      <UniqueIdentifier>{739DB09A-CC57-A953-A6CF-F64FA08E4FA7}</UniqueIdentifier>
    </Filter>
    <Filter Include="..\..\..">
      <UniqueIdentifier>{739DB09A-CC57-A953-A6CF-F64FA08E4FA7}</UniqueIdentifier>
    </Filter>
    <Filter Include="..\..\..\..">
      <UniqueIdentifier>{739DB09A-CC57-A953-A6CF-F64FA08E4FA7}</UniqueIdentifier>
    </Filter>
    <Filter Include="..\..\..\..\..">
      <UniqueIdentifier>{739DB09A-CC57-A953-A6CF-F64FA08E4FA7}</UniqueIdentifier>
    </Filter>
    <Filter Include="..\..\..\..\..\toolchain">
      <UniqueIdentifier>{A1380BF2-B2E4-A638-7882-599BD9BAE887}</UniqueIdentifier>
    </Filter>
    <Filter Include="..\..\..\..\..\toolchain\lc-compile-ffi-java">
      <UniqueIdentifier>{5B4EF327-B4A5-5DC6-632A-95CBDC4A2156}</UniqueIdentifier>
    </Filter>
    <Filter Include="..\..\..\..\..\toolchain\lc-compile-ffi-java\src">
      <UniqueIdentifier>{8CDEE807-BC53-E450-C8B8-4DEBB66742D4}</UniqueIdentifier>
    </Filter>
    <Filter Include="..\..\..\..\..\toolchain\lc-compile-ffi-java\src\_excluded_files">
      <UniqueIdentifier>{158E591E-B6EA-0C85-8F5A-18EAFA09B4CE}</UniqueIdentifier>
    </Filter>
    <Filter Include="..">
      <UniqueIdentifier>{739DB09A-CC57-A953-A6CF-F64FA08E4FA7}</UniqueIdentifier>
    </Filter>
    <Filter Include="..\..">
      <UniqueIdentifier>{739DB09A-CC57-A953-A6CF-F64FA08E4FA7}</UniqueIdentifier>
    </Filter>
    <Filter Include="..\..\..">
      <UniqueIdentifier>{739DB09A-CC57-A953-A6CF-F64FA08E4FA7}</UniqueIdentifier>
    </Filter>
    <Filter Include="..\..\..\..">
      <UniqueIdentifier>{739DB09A-CC57-A953-A6CF-F64FA08E4FA7}</UniqueIdentifier>
    </Filter>
    <Filter Include="..\..\..\..\..">
      <UniqueIdentifier>{739DB09A-CC57-A953-A6CF-F64FA08E4FA7}</UniqueIdentifier>
    </Filter>
    <Filter Include="..\..\..\..\..\toolchain">
      <UniqueIdentifier>{A1380BF2-B2E4-A638-7882-599BD9BAE887}</UniqueIdentifier>
    </Filter>
    <Filter Include="..\..\..\..\..\toolchain\lc-compile-ffi-java">
      <UniqueIdentifier>{5B4EF327-B4A5-5DC6-632A-95CBDC4A2156}</UniqueIdentifier>
    </Filter>
    <Filter Include="..\..\..\..\..\toolchain\lc-compile-ffi-java\src">
      <UniqueIdentifier>{8CDEE807-BC53-E450-C8B8-4DEBB66742D4}</UniqueIdentifier>
    </Filter>
    <Filter Include="..\..\..\..\..\toolchain\lc-compile-ffi-java\src\_excluded_files">
      <UniqueIdentifier>{158E591E-B6EA-0C85-8F5A-18EAFA09B4CE}</UniqueIdentifier>
    </Filter>
    <Filter Include="..">
      <UniqueIdentifier>{739DB09A-CC57-A953-A6CF-F64FA08E4FA7}</UniqueIdentifier>
    </Filter>
    <Filter Include="..\..">
      <UniqueIdentifier>{739DB09A-CC57-A953-A6CF-F64FA08E4FA7}</UniqueIdentifier>
    </Filter>
    <Filter Include="..\..\..">
      <UniqueIdentifier>{739DB09A-CC57-A953-A6CF-F64FA08E4FA7}</UniqueIdentifier>
    </Filter>
    <Filter Include="..\..\..\..">
      <UniqueIdentifier>{739DB09A-CC57-A953-A6CF-F64FA08E4FA7}</UniqueIdentifier>
    </Filter>
    <Filter Include="..\..\..\..\..">
      <UniqueIdentifier>{739DB09A-CC57-A953-A6CF-F64FA08E4FA7}</UniqueIdentifier>
    </Filter>
    <Filter Include="..\..\..\..\..\toolchain">
      <UniqueIdentifier>{A1380BF2-B2E4-A638-7882-599BD9BAE887}</UniqueIdentifier>
    </Filter>
    <Filter Include="..\..\..\..\..\toolchain\lc-compile-ffi-java">
      <UniqueIdentifier>{5B4EF327-B4A5-5DC6-632A-95CBDC4A2156}</UniqueIdentifier>
    </Filter>
    <Filter Include="..\..\..\..\..\toolchain\lc-compile-ffi-java\src">
      <UniqueIdentifier>{8CDEE807-BC53-E450-C8B8-4DEBB66742D4}</UniqueIdentifier>
    </Filter>
    <Filter Include="..\..\..\..\..\toolchain\lc-compile-ffi-java\src\_excluded_files">
      <UniqueIdentifier>{158E591E-B6EA-0C85-8F5A-18EAFA09B4CE}</UniqueIdentifier>
    </Filter>
    <Filter Include="..">
      <UniqueIdentifier>{739DB09A-CC57-A953-A6CF-F64FA08E4FA7}</UniqueIdentifier>
    </Filter>
    <Filter Include="..\..">
      <UniqueIdentifier>{739DB09A-CC57-A953-A6CF-F64FA08E4FA7}</UniqueIdentifier>
    </Filter>
    <Filter Include="..\..\..">
      <UniqueIdentifier>{739DB09A-CC57-A953-A6CF-F64FA08E4FA7}</UniqueIdentifier>
    </Filter>
    <Filter Include="..\..\..\..">
      <UniqueIdentifier>{739DB09A-CC57-A953-A6CF-F64FA08E4FA7}</UniqueIdentifier>
    </Filter>
    <Filter Include="..\..\..\..\..">
      <UniqueIdentifier>{739DB09A-CC57-A953-A6CF-F64FA08E4FA7}</UniqueIdentifier>
    </Filter>
    <Filter Include="..\..\..\..\..\toolchain">
      <UniqueIdentifier>{A1380BF2-B2E4-A638-7882-599BD9BAE887}</UniqueIdentifier>
    </Filter>
    <Filter Include="..\..\..\..\..\toolchain\lc-compile-ffi-java">
      <UniqueIdentifier>{5B4EF327-B4A5-5DC6-632A-95CBDC4A2156}</UniqueIdentifier>
    </Filter>
    <Filter Include="..\..\..\..\..\toolchain\lc-compile-ffi-java\src">
      <UniqueIdentifier>{8CDEE807-BC53-E450-C8B8-4DEBB66742D4}</UniqueIdentifier>
    </Filter>
    <Filter Include="..\..\..\..\..\toolchain\lc-compile-ffi-java\src\_excluded_files">
      <UniqueIdentifier>{158E591E-B6EA-0C85-8F5A-18EAFA09B4CE}</UniqueIdentifier>
    </Filter>
    <Filter Include="..">
      <UniqueIdentifier>{739DB09A-CC57-A953-A6CF-F64FA08E4FA7}</UniqueIdentifier>
    </Filter>
    <Filter Include="..\..">
      <UniqueIdentifier>{739DB09A-CC57-A953-A6CF-F64FA08E4FA7}</UniqueIdentifier>
    </Filter>
    <Filter Include="..\..\..">
      <UniqueIdentifier>{739DB09A-CC57-A953-A6CF-F64FA08E4FA7}</UniqueIdentifier>
    </Filter>
    <Filter Include="..\..\..\..">
      <UniqueIdentifier>{739DB09A-CC57-A953-A6CF-F64FA08E4FA7}</UniqueIdentifier>
    </Filter>
    <Filter Include="..\..\..\..\..">
      <UniqueIdentifier>{739DB09A-CC57-A953-A6CF-F64FA08E4FA7}</UniqueIdentifier>
    </Filter>
    <Filter Include="..\..\..\..\..\toolchain">
      <UniqueIdentifier>{A1380BF2-B2E4-A638-7882-599BD9BAE887}</UniqueIdentifier>
    </Filter>
    <Filter Include="..\..\..\..\..\toolchain\lc-compile-ffi-java">
      <UniqueIdentifier>{5B4EF327-B4A5-5DC6-632A-95CBDC4A2156}</UniqueIdentifier>
    </Filter>
    <Filter Include="..\..\..\..\..\toolchain\lc-compile-ffi-java\src">
      <UniqueIdentifier>{8CDEE807-BC53-E450-C8B8-4DEBB66742D4}</UniqueIdentifier>
    </Filter>
    <Filter Include="..\..\..\..\..\toolchain\lc-compile-ffi-java\src\_excluded_files">
      <UniqueIdentifier>{158E591E-B6EA-0C85-8F5A-18EAFA09B4CE}</UniqueIdentifier>
    </Filter>
    <Filter Include="..">
      <UniqueIdentifier>{739DB09A-CC57-A953-A6CF-F64FA08E4FA7}</UniqueIdentifier>
    </Filter>
    <Filter Include="..\..">
      <UniqueIdentifier>{739DB09A-CC57-A953-A6CF-F64FA08E4FA7}</UniqueIdentifier>
    </Filter>
    <Filter Include="..\..\..">
      <UniqueIdentifier>{739DB09A-CC57-A953-A6CF-F64FA08E4FA7}</UniqueIdentifier>
    </Filter>
    <Filter Include="..\..\..\..">
      <UniqueIdentifier>{739DB09A-CC57-A953-A6CF-F64FA08E4FA7}</UniqueIdentifier>
    </Filter>
    <Filter Include="..\..\..\..\..">
      <UniqueIdentifier>{739DB09A-CC57-A953-A6CF-F64FA08E4FA7}</UniqueIdentifier>
    </Filter>
    <Filter Include="..\..\..\..\..\toolchain">
      <UniqueIdentifier>{A1380BF2-B2E4-A638-7882-599BD9BAE887}</UniqueIdentifier>
    </Filter>
    <Filter Include="..\..\..\..\..\toolchain\lc-compile-ffi-java">
      <UniqueIdentifier>{5B4EF327-B4A5-5DC6-632A-95CBDC4A2156}</UniqueIdentifier>
    </Filter>
    <Filter Include="..\..\..\..\..\toolchain\lc-compile-ffi-java\src">
      <UniqueIdentifier>{8CDEE807-BC53-E450-C8B8-4DEBB66742D4}</UniqueIdentifier>
    </Filter>
    <Filter Include="..\..\..\..\..\toolchain\lc-compile-ffi-java\src\_excluded_files">
      <UniqueIdentifier>{158E591E-B6EA-0C85-8F5A-18EAFA09B4CE}</UniqueIdentifier>
    </Filter>
    <Filter Include="..">
      <UniqueIdentifier>{739DB09A-CC57-A953-A6CF-F64FA08E4FA7}</UniqueIdentifier>
    </Filter>
    <Filter Include="..\..">
      <UniqueIdentifier>{739DB09A-CC57-A953-A6CF-F64FA08E4FA7}</UniqueIdentifier>
    </Filter>
    <Filter Include="..\..\..">
      <UniqueIdentifier>{739DB09A-CC57-A953-A6CF-F64FA08E4FA7}</UniqueIdentifier>
    </Filter>
    <Filter Include="..\..\..\..">
      <UniqueIdentifier>{739DB09A-CC57-A953-A6CF-F64FA08E4FA7}</UniqueIdentifier>
    </Filter>
    <Filter Include="..\..\..\..\..">
      <UniqueIdentifier>{739DB09A-CC57-A953-A6CF-F64FA08E4FA7}</UniqueIdentifier>
    </Filter>
    <Filter Include="..\..\..\..\..\toolchain">
      <UniqueIdentifier>{A1380BF2-B2E4-A638-7882-599BD9BAE887}</UniqueIdentifier>
    </Filter>
    <Filter Include="..\..\..\..\..\toolchain\lc-compile-ffi-java">
      <UniqueIdentifier>{5B4EF327-B4A5-5DC6-632A-95CBDC4A2156}</UniqueIdentifier>
    </Filter>
    <Filter Include="..\..\..\..\..\toolchain\lc-compile-ffi-java\src">
      <UniqueIdentifier>{8CDEE807-BC53-E450-C8B8-4DEBB66742D4}</UniqueIdentifier>
    </Filter>
    <Filter Include="..\..\..\..\..\toolchain\lc-compile-ffi-java\src\_excluded_files">
      <UniqueIdentifier>{158E591E-B6EA-0C85-8F5A-18EAFA09B4CE}</UniqueIdentifier>
    </Filter>
    <Filter Include="..">
      <UniqueIdentifier>{739DB09A-CC57-A953-A6CF-F64FA08E4FA7}</UniqueIdentifier>
    </Filter>
    <Filter Include="..\..">
      <UniqueIdentifier>{739DB09A-CC57-A953-A6CF-F64FA08E4FA7}</UniqueIdentifier>
    </Filter>
    <Filter Include="..\..\..">
      <UniqueIdentifier>{739DB09A-CC57-A953-A6CF-F64FA08E4FA7}</UniqueIdentifier>
    </Filter>
    <Filter Include="..\..\..\..">
      <UniqueIdentifier>{739DB09A-CC57-A953-A6CF-F64FA08E4FA7}</UniqueIdentifier>
    </Filter>
    <Filter Include="..\..\..\..\..">
      <UniqueIdentifier>{739DB09A-CC57-A953-A6CF-F64FA08E4FA7}</UniqueIdentifier>
    </Filter>
    <Filter Include="..\..\..\..\..\toolchain">
      <UniqueIdentifier>{A1380BF2-B2E4-A638-7882-599BD9BAE887}</UniqueIdentifier>
    </Filter>
    <Filter Include="..\..\..\..\..\toolchain\lc-compile-ffi-java">
      <UniqueIdentifier>{5B4EF327-B4A5-5DC6-632A-95CBDC4A2156}</UniqueIdentifier>
    </Filter>
    <Filter Include="..\..\..\..\..\toolchain\lc-compile-ffi-java\src">
      <UniqueIdentifier>{8CDEE807-BC53-E450-C8B8-4DEBB66742D4}</UniqueIdentifier>
    </Filter>
    <Filter Include="..\..\..\..\..\toolchain\lc-compile-ffi-java\src\_excluded_files">
      <UniqueIdentifier>{158E591E-B6EA-0C85-8F5A-18EAFA09B4CE}</UniqueIdentifier>
    </Filter>
    <Filter Include="..">
      <UniqueIdentifier>{739DB09A-CC57-A953-A6CF-F64FA08E4FA7}</UniqueIdentifier>
    </Filter>
    <Filter Include="..\..">
      <UniqueIdentifier>{739DB09A-CC57-A953-A6CF-F64FA08E4FA7}</UniqueIdentifier>
    </Filter>
    <Filter Include="..\..\..">
      <UniqueIdentifier>{739DB09A-CC57-A953-A6CF-F64FA08E4FA7}</UniqueIdentifier>
    </Filter>
    <Filter Include="..\..\..\..">
      <UniqueIdentifier>{739DB09A-CC57-A953-A6CF-F64FA08E4FA7}</UniqueIdentifier>
    </Filter>
    <Filter Include="..\..\..\..\..">
      <UniqueIdentifier>{739DB09A-CC57-A953-A6CF-F64FA08E4FA7}</UniqueIdentifier>
    </Filter>
    <Filter Include="..\..\..\..\..\toolchain">
      <UniqueIdentifier>{A1380BF2-B2E4-A638-7882-599BD9BAE887}</UniqueIdentifier>
    </Filter>
    <Filter Include="..\..\..\..\..\toolchain\lc-compile-ffi-java">
      <UniqueIdentifier>{5B4EF327-B4A5-5DC6-632A-95CBDC4A2156}</UniqueIdentifier>
    </Filter>
    <Filter Include="..\..\..\..\..\toolchain\lc-compile-ffi-java\src">
      <UniqueIdentifier>{8CDEE807-BC53-E450-C8B8-4DEBB66742D4}</UniqueIdentifier>
    </Filter>
    <Filter Include="..\..\..\..\..\toolchain\lc-compile-ffi-java\src\_excluded_files">
      <UniqueIdentifier>{158E591E-B6EA-0C85-8F5A-18EAFA09B4CE}</UniqueIdentifier>
    </Filter>
    <Filter Include="..">
      <UniqueIdentifier>{739DB09A-CC57-A953-A6CF-F64FA08E4FA7}</UniqueIdentifier>
    </Filter>
    <Filter Include="..\..">
      <UniqueIdentifier>{739DB09A-CC57-A953-A6CF-F64FA08E4FA7}</UniqueIdentifier>
    </Filter>
    <Filter Include="..\..\..">
      <UniqueIdentifier>{739DB09A-CC57-A953-A6CF-F64FA08E4FA7}</UniqueIdentifier>
    </Filter>
    <Filter Include="..\..\..\..">
      <UniqueIdentifier>{739DB09A-CC57-A953-A6CF-F64FA08E4FA7}</UniqueIdentifier>
    </Filter>
    <Filter Include="..\..\..\..\..">
      <UniqueIdentifier>{739DB09A-CC57-A953-A6CF-F64FA08E4FA7}</UniqueIdentifier>
    </Filter>
    <Filter Include="..\..\..\..\..\toolchain">
      <UniqueIdentifier>{A1380BF2-B2E4-A638-7882-599BD9BAE887}</UniqueIdentifier>
    </Filter>
    <Filter Include="..\..\..\..\..\toolchain\lc-compile-ffi-java">
      <UniqueIdentifier>{5B4EF327-B4A5-5DC6-632A-95CBDC4A2156}</UniqueIdentifier>
    </Filter>
    <Filter Include="..\..\..\..\..\toolchain\lc-compile-ffi-java\src">
      <UniqueIdentifier>{8CDEE807-BC53-E450-C8B8-4DEBB66742D4}</UniqueIdentifier>
    </Filter>
    <Filter Include="..\..\..\..\..\toolchain\lc-compile-ffi-java\src\_excluded_files">
      <UniqueIdentifier>{158E591E-B6EA-0C85-8F5A-18EAFA09B4CE}</UniqueIdentifier>
    </Filter>
    <Filter Include="..">
      <UniqueIdentifier>{739DB09A-CC57-A953-A6CF-F64FA08E4FA7}</UniqueIdentifier>
    </Filter>
    <Filter Include="..\..">
      <UniqueIdentifier>{739DB09A-CC57-A953-A6CF-F64FA08E4FA7}</UniqueIdentifier>
    </Filter>
    <Filter Include="..\..\..">
      <UniqueIdentifier>{739DB09A-CC57-A953-A6CF-F64FA08E4FA7}</UniqueIdentifier>
    </Filter>
    <Filter Include="..\..\..\..">
      <UniqueIdentifier>{739DB09A-CC57-A953-A6CF-F64FA08E4FA7}</UniqueIdentifier>
    </Filter>
    <Filter Include="..\..\..\..\..">
      <UniqueIdentifier>{739DB09A-CC57-A953-A6CF-F64FA08E4FA7}</UniqueIdentifier>
    </Filter>
    <Filter Include="..\..\..\..\..\toolchain">
      <UniqueIdentifier>{A1380BF2-B2E4-A638-7882-599BD9BAE887}</UniqueIdentifier>
    </Filter>
    <Filter Include="..\..\..\..\..\toolchain\lc-compile-ffi-java">
      <UniqueIdentifier>{5B4EF327-B4A5-5DC6-632A-95CBDC4A2156}</UniqueIdentifier>
    </Filter>
    <Filter Include="..\..\..\..\..\toolchain\lc-compile-ffi-java\src">
      <UniqueIdentifier>{8CDEE807-BC53-E450-C8B8-4DEBB66742D4}</UniqueIdentifier>
    </Filter>
    <Filter Include="..\..\..\..\..\toolchain\lc-compile-ffi-java\src\_excluded_files">
      <UniqueIdentifier>{158E591E-B6EA-0C85-8F5A-18EAFA09B4CE}</UniqueIdentifier>
    </Filter>
    <Filter Include="$(IntDir)">
      <UniqueIdentifier>{2385D4EB-CAEB-D33E-59EB-C687F571392E}</UniqueIdentifier>
    </Filter>
    <Filter Include="$(IntDir)">
      <UniqueIdentifier>{2385D4EB-CAEB-D33E-59EB-C687F571392E}</UniqueIdentifier>
    </Filter>
    <Filter Include="$(IntDir)">
      <UniqueIdentifier>{2385D4EB-CAEB-D33E-59EB-C687F571392E}</UniqueIdentifier>
    </Filter>
    <Filter Include="$(IntDir)">
      <UniqueIdentifier>{2385D4EB-CAEB-D33E-59EB-C687F571392E}</UniqueIdentifier>
    </Filter>
    <Filter Include="$(IntDir)">
      <UniqueIdentifier>{2385D4EB-CAEB-D33E-59EB-C687F571392E}</UniqueIdentifier>
    </Filter>
    <Filter Include="$(IntDir)">
      <UniqueIdentifier>{2385D4EB-CAEB-D33E-59EB-C687F571392E}</UniqueIdentifier>
    </Filter>
    <Filter Include="$(IntDir)">
      <UniqueIdentifier>{2385D4EB-CAEB-D33E-59EB-C687F571392E}</UniqueIdentifier>
    </Filter>
    <Filter Include="$(IntDir)">
      <UniqueIdentifier>{2385D4EB-CAEB-D33E-59EB-C687F571392E}</UniqueIdentifier>
    </Filter>
  </ItemGroup>
  <ItemGroup>
    <auxiliary_grammar Include="..\..\..\..\..\toolchain\lc-compile-ffi-java\src\bind.g">
      <Filter>..\..\..\..\..\toolchain\lc-compile-ffi-java\src</Filter>
    </auxiliary_grammar>
    <auxiliary_grammar Include="..\..\..\..\..\toolchain\lc-compile-ffi-java\src\check.g">
      <Filter>..\..\..\..\..\toolchain\lc-compile-ffi-java\src</Filter>
    </auxiliary_grammar>
    <auxiliary_grammar Include="..\..\..\..\..\toolchain\lc-compile-ffi-java\src\output.g">
      <Filter>..\..\..\..\..\toolchain\lc-compile-ffi-java\src</Filter>
    </auxiliary_grammar>
    <auxiliary_grammar Include="..\..\..\..\..\toolchain\lc-compile-ffi-java\src\generate.g">
      <Filter>..\..\..\..\..\toolchain\lc-compile-ffi-java\src</Filter>
    </auxiliary_grammar>
    <auxiliary_grammar Include="..\..\..\..\..\toolchain\lc-compile-ffi-java\src\support.g">
      <Filter>..\..\..\..\..\toolchain\lc-compile-ffi-java\src</Filter>
    </auxiliary_grammar>
    <auxiliary_grammar Include="..\..\..\..\..\toolchain\lc-compile-ffi-java\src\types.g">
      <Filter>..\..\..\..\..\toolchain\lc-compile-ffi-java\src</Filter>
    </auxiliary_grammar>
    <flex Include="$(IntDir)\gen.l">
      <Filter>$(IntDir)</Filter>
    </flex>
    <bison Include="$(IntDir)\gen.y">
      <Filter>$(IntDir)</Filter>
    </bison>
    <ClCompile Include="..\..\..\..\..\toolchain\lc-compile-ffi-java\src\dummy.cpp">
      <Filter>..\..\..\..\..\toolchain\lc-compile-ffi-java\src</Filter>
    </ClCompile>
    <None Include="..\..\..\..\..\toolchain\lc-compile-ffi-java\src\lc-compile-ffi-java-generate.gyp">
      <Filter>..\..\..\..\..\toolchain\lc-compile-ffi-java\src</Filter>
    </None>
    <auxiliary_grammar Include="..\..\..\..\..\toolchain\lc-compile-ffi-java\src\grammar.g">
      <Filter>..\..\..\..\..\toolchain\lc-compile-ffi-java\src\_excluded_files</Filter>
    </auxiliary_grammar>
    <None Include="$(IntDir)\gen.lit">
      <Filter>$(IntDir)\_excluded_files</Filter>
    </None>
    <None Include="$(IntDir)\gen.tkn">
      <Filter>$(IntDir)\_excluded_files</Filter>
    </None>
    <ClCompile Include="$(IntDir)\grammar.c">
      <Filter>$(IntDir)</Filter>
    </ClCompile>
    <ClInclude Include="$(IntDir)\gen.h">
      <Filter>$(IntDir)</Filter>
    </ClInclude>
    <None Include="..\..\..\..\..\toolchain\lc-compile-ffi-java\src\COMMENTS.b">
      <Filter>..\..\..\..\..\toolchain\lc-compile-ffi-java\src\_excluded_files</Filter>
    </None>
    <None Include="..\..\..\..\..\toolchain\lc-compile-ffi-java\src\DOUBLE_LITERAL.t">
      <Filter>..\..\..\..\..\toolchain\lc-compile-ffi-java\src\_excluded_files</Filter>
    </None>
    <None Include="..\..\..\..\..\toolchain\lc-compile-ffi-java\src\END_OF_UNIT.t">
      <Filter>..\..\..\..\..\toolchain\lc-compile-ffi-java\src\_excluded_files</Filter>
    </None>
    <None Include="..\..\..\..\..\toolchain\lc-compile-ffi-java\src\ILLEGAL.b">
      <Filter>..\..\..\..\..\toolchain\lc-compile-ffi-java\src\_excluded_files</Filter>
    </None>
    <None Include="..\..\..\..\..\toolchain\lc-compile-ffi-java\src\INTEGER_LITERAL.t">
      <Filter>..\..\..\..\..\toolchain\lc-compile-ffi-java\src\_excluded_files</Filter>
    </None>
    <None Include="..\..\..\..\..\toolchain\lc-compile-ffi-java\src\LAYOUT.b">
      <Filter>..\..\..\..\..\toolchain\lc-compile-ffi-java\src\_excluded_files</Filter>
    </None>
    <None Include="..\..\..\..\..\toolchain\lc-compile-ffi-java\src\LEXDEF.b">
      <Filter>..\..\..\..\..\toolchain\lc-compile-ffi-java\src\_excluded_files</Filter>
    </None>
    <None Include="..\..\..\..\..\toolchain\lc-compile-ffi-java\src\LEXFUNC.b">
      <Filter>..\..\..\..\..\toolchain\lc-compile-ffi-java\src\_excluded_files</Filter>
    </None>
    <None Include="..\..\..\..\..\toolchain\lc-compile-ffi-java\src\LITBLOCK.b">
      <Filter>..\..\..\..\..\toolchain\lc-compile-ffi-java\src\_excluded_files</Filter>
    </None>
    <None Include="..\..\..\..\..\toolchain\lc-compile-ffi-java\src\NAME_LITERAL.t">
      <Filter>..\..\..\..\..\toolchain\lc-compile-ffi-java\src\_excluded_files</Filter>
    </None>
    <None Include="..\..\..\..\..\toolchain\lc-compile-ffi-java\src\NEXT_UNIT.t">
      <Filter>..\..\..\..\..\toolchain\lc-compile-ffi-java\src\_excluded_files</Filter>
    </None>
    <None Include="..\..\..\..\..\toolchain\lc-compile-ffi-java\src\SEPARATOR.t">
      <Filter>..\..\..\..\..\toolchain\lc-compile-ffi-java\src\_excluded_files</Filter>
    </None>
    <None Include="..\..\..\..\..\toolchain\lc-compile-ffi-java\src\SETPOS.b">
      <Filter>..\..\..\..\..\toolchain\lc-compile-ffi-java\src\_excluded_files</Filter>
    </None>
    <None Include="..\..\..\..\..\toolchain\lc-compile-ffi-java\src\STRING_LITERAL.t">
      <Filter>..\..\..\..\..\toolchain\lc-compile-ffi-java\src\_excluded_files</Filter>
    </None>
    <None Include="..\..\..\..\..\toolchain\lc-compile-ffi-java\src\YYSTYPE.b">
      <Filter>..\..\..\..\..\toolchain\lc-compile-ffi-java\src\_excluded_files</Filter>
    </None>
    <None Include="..\..\..\..\..\toolchain\lc-compile-ffi-java\src\YYWRAP.b">
      <Filter>..\..\..\..\..\toolchain\lc-compile-ffi-java\src\_excluded_files</Filter>
    </None>
    <ClCompile Include="$(IntDir)\gen.l.c">
      <Filter>$(IntDir)</Filter>
    </ClCompile>
    <ClCompile Include="$(IntDir)\gen.y.c">
      <Filter>$(IntDir)</Filter>
    </ClCompile>
    <ClCompile Include="$(IntDir)\bind.c">
      <Filter>$(IntDir)</Filter>
    </ClCompile>
    <ClCompile Include="$(IntDir)\check.c">
      <Filter>$(IntDir)</Filter>
    </ClCompile>
    <ClCompile Include="$(IntDir)\output.c">
      <Filter>$(IntDir)</Filter>
    </ClCompile>
    <ClCompile Include="$(IntDir)\generate.c">
      <Filter>$(IntDir)</Filter>
    </ClCompile>
    <ClCompile Include="$(IntDir)\support.c">
      <Filter>$(IntDir)</Filter>
    </ClCompile>
    <ClCompile Include="$(IntDir)\types.c">
      <Filter>$(IntDir)</Filter>
    </ClCompile>
  </ItemGroup>
</Project>
